// !$*UTF8*$!
{
	archiveVersion = 1;
	classes = {
	};
	objectVersion = 77;
	objects = {

/* Begin PBXBuildFile section */
		1549ECBA2EF1386A00876D2D /* Charts.swift in Sources */ = {isa = PBXBuildFile; fileRef = 1549ECB62EF1386A00876D2D /* Charts.swift */; };
		1549ECBB2EF1386A00876D2D /* Data.swift in Sources */ = {isa = PBXBuildFile; fileRef = 1549ECB72EF1386A00876D2D /* Data.swift */; };
		1549ECBC2EF1386A00876D2D /* AnalyticsSheet.swift in Sources */ = {isa = PBXBuildFile; fileRef = 1549ECB52EF1386A00876D2D /* AnalyticsSheet.swift */; };
		1549ECBF2EF1598F00876D2D /* TransactionOptions.swift in Sources */ = {isa = PBXBuildFile; fileRef = 1549ECBE2EF1598400876D2D /* TransactionOptions.swift */; };
		1549ECCA2EF177DC00876D2D /* pay_mock.mp4 in Resources */ = {isa = PBXBuildFile; fileRef = 1549ECC92EF177DC00876D2D /* pay_mock.mp4 */; };
		1549ECCF2EF29E5900876D2D /* PseudoCamera.swift in Sources */ = {isa = PBXBuildFile; fileRef = 1549ECCE2EF29E5300876D2D /* PseudoCamera.swift */; };
		1549ECD52EF4038F00876D2D /* Custom Decimal Style.swift in Sources */ = {isa = PBXBuildFile; fileRef = 1549ECD42EF4038700876D2D /* Custom Decimal Style.swift */; };
		1549ECD92EF4221500876D2D /* Integer Only.swift in Sources */ = {isa = PBXBuildFile; fileRef = 1549ECD82EF4220E00876D2D /* Integer Only.swift */; };
		1549ECDD2EF5472500876D2D /* AvatarStack.swift in Sources */ = {isa = PBXBuildFile; fileRef = 1549ECDC2EF5472000876D2D /* AvatarStack.swift */; };
		1549ECE32EFC27CC00876D2D /* AvatarCircle.swift in Sources */ = {isa = PBXBuildFile; fileRef = 1549ECE22EFC27C600876D2D /* AvatarCircle.swift */; };
		1549ECE62EFEB40700876D2D /* SheetController.swift in Sources */ = {isa = PBXBuildFile; fileRef = 1549ECE52EFEB40000876D2D /* SheetController.swift */; };
		1549ECEA2F03D7CE00876D2D /* AvatarResize.swift in Sources */ = {isa = PBXBuildFile; fileRef = 1549ECE92F03D7C300876D2D /* AvatarResize.swift */; };
		15A79E412F0FE423000C6B4E /* Demo.swift in Sources */ = {isa = PBXBuildFile; fileRef = 15A79E402F0FE423000C6B4E /* Demo.swift */; };
		15A79E532F11195A000C6B4E /* RecursiveFullStack.swift in Sources */ = {isa = PBXBuildFile; fileRef = 15A79E522F11195A000C6B4E /* RecursiveFullStack.swift */; };
		15A79E552F1125ED000C6B4E /* DynRouting.swift in Sources */ = {isa = PBXBuildFile; fileRef = 15A79E542F1125E9000C6B4E /* DynRouting.swift */; };
		15A79E592F1126A0000C6B4E /* Page 1.swift in Sources */ = {isa = PBXBuildFile; fileRef = 15A79E582F11269A000C6B4E /* Page 1.swift */; };
		15A79E5B2F1126D0000C6B4E /* DynToolbar.swift in Sources */ = {isa = PBXBuildFile; fileRef = 15A79E5A2F1126CC000C6B4E /* DynToolbar.swift */; };
		15A79E5D2F113306000C6B4E /* ContentContainer.swift in Sources */ = {isa = PBXBuildFile; fileRef = 15A79E5C2F113302000C6B4E /* ContentContainer.swift */; };
		15A79E5F2F115296000C6B4E /* DynContext.swift in Sources */ = {isa = PBXBuildFile; fileRef = 15A79E5E2F115292000C6B4E /* DynContext.swift */; };
		15A79E632F164E6C000C6B4E /* SheetShell.swift in Sources */ = {isa = PBXBuildFile; fileRef = 15A79E622F164E68000C6B4E /* SheetShell.swift */; };
		15C963BB2F1E123800960C5C /* ChartTest.swift in Sources */ = {isa = PBXBuildFile; fileRef = 15C963BA2F1E123500960C5C /* ChartTest.swift */; };
		15C963BD2F1E3AA400960C5C /* ContextTest.swift in Sources */ = {isa = PBXBuildFile; fileRef = 15C963BC2F1E3AA000960C5C /* ContextTest.swift */; };
		15C963BF2F1E76EC00960C5C /* DonutDemo.swift in Sources */ = {isa = PBXBuildFile; fileRef = 15C963BE2F1E76E700960C5C /* DonutDemo.swift */; };
		15C963C42F1E781400960C5C /* DonutView.swift in Sources */ = {isa = PBXBuildFile; fileRef = 15C963C32F1E781200960C5C /* DonutView.swift */; };
		15C963C62F1E78F500960C5C /* DonutChart.swift in Sources */ = {isa = PBXBuildFile; fileRef = 15C963C52F1E78F300960C5C /* DonutChart.swift */; };
		15C963C82F1E79C900960C5C /* DonutModifier.swift in Sources */ = {isa = PBXBuildFile; fileRef = 15C963C72F1E79C700960C5C /* DonutModifier.swift */; };
		15C963CA2F1E855C00960C5C /* DonutAnimate.swift in Sources */ = {isa = PBXBuildFile; fileRef = 15C963C92F1E855800960C5C /* DonutAnimate.swift */; };
		15C963CC2F1E877D00960C5C /* DonutInteract.swift in Sources */ = {isa = PBXBuildFile; fileRef = 15C963CB2F1E877000960C5C /* DonutInteract.swift */; };
		15C963CF2F213CD500960C5C /* OneSegmentChart.swift in Sources */ = {isa = PBXBuildFile; fileRef = 15C963CE2F213CD100960C5C /* OneSegmentChart.swift */; };
		15C963D42F29F84000960C5C /* AvatarContext.swift in Sources */ = {isa = PBXBuildFile; fileRef = 15C963D32F29F83A00960C5C /* AvatarContext.swift */; };
		15C963D62F29F94D00960C5C /* Demo1.swift in Sources */ = {isa = PBXBuildFile; fileRef = 15C963D52F29F94800960C5C /* Demo1.swift */; };
		15C963D92F2A116400960C5C /* Demo2.swift in Sources */ = {isa = PBXBuildFile; fileRef = 15C963D82F2A116000960C5C /* Demo2.swift */; };
		15C963DD2F2BA08000960C5C /* StackView.swift in Sources */ = {isa = PBXBuildFile; fileRef = 15C963DC2F2BA07C00960C5C /* StackView.swift */; };
		15C963E22F30E98700960C5C /* GlassDemo.swift in Sources */ = {isa = PBXBuildFile; fileRef = 15C963E12F30E98100960C5C /* GlassDemo.swift */; };
		15C963E62F31F49E00960C5C /* CustomGlass.swift in Sources */ = {isa = PBXBuildFile; fileRef = 15C963E52F31F49700960C5C /* CustomGlass.swift */; };
		15C963E82F322BE500960C5C /* PayProcessSheet.swift in Sources */ = {isa = PBXBuildFile; fileRef = 15C963E72F322BDC00960C5C /* PayProcessSheet.swift */; };
		15C963EC2F335A9F00960C5C /* SwipeToUnlock.swift in Sources */ = {isa = PBXBuildFile; fileRef = 15C963EB2F335A9600960C5C /* SwipeToUnlock.swift */; };
		15C963EE2F335BA800960C5C /* MorphingCap.swift in Sources */ = {isa = PBXBuildFile; fileRef = 15C963ED2F335BA200960C5C /* MorphingCap.swift */; };
		15C963F02F33706500960C5C /* MorphModifier.swift in Sources */ = {isa = PBXBuildFile; fileRef = 15C963EF2F33706100960C5C /* MorphModifier.swift */; };
		15C963F22F33750E00960C5C /* MorphDemo.swift in Sources */ = {isa = PBXBuildFile; fileRef = 15C963F12F33750900960C5C /* MorphDemo.swift */; };
		15C963F62F3395BA00960C5C /* EdgeAccesory.swift in Sources */ = {isa = PBXBuildFile; fileRef = 15C963F52F3395B200960C5C /* EdgeAccesory.swift */; };
		15C963F82F34EAFE00960C5C /* EdgeAccesoryDemo.swift in Sources */ = {isa = PBXBuildFile; fileRef = 15C963F72F34EAF900960C5C /* EdgeAccesoryDemo.swift */; };
		15C963FE2F361D6100960C5C /* LogicHelper.swift in Sources */ = {isa = PBXBuildFile; fileRef = 15C963FD2F361D5F00960C5C /* LogicHelper.swift */; };
		15C964012F363B5A00960C5C /* InlineFlowDemo.swift in Sources */ = {isa = PBXBuildFile; fileRef = 15C964002F363B5800960C5C /* InlineFlowDemo.swift */; };
		15C964122F36403900960C5C /* RenderHelper.swift in Sources */ = {isa = PBXBuildFile; fileRef = 15C964112F36403400960C5C /* RenderHelper.swift */; };
		15C964152F39D08900960C5C /* ACPreview.swift in Sources */ = {isa = PBXBuildFile; fileRef = 15C964142F39D08400960C5C /* ACPreview.swift */; };
		15C964172F39D0C300960C5C /* ACCircle.swift in Sources */ = {isa = PBXBuildFile; fileRef = 15C964162F39D0BF00960C5C /* ACCircle.swift */; };
		15C964192F39D0E900960C5C /* ACStack.swift in Sources */ = {isa = PBXBuildFile; fileRef = 15C964182F39D0E600960C5C /* ACStack.swift */; };
		15DA4B282EEBFD100046EBC6 /* Toolbar.swift in Sources */ = {isa = PBXBuildFile; fileRef = 15DA4AF62EEBFD100046EBC6 /* Toolbar.swift */; };
		15DA4B2B2EEBFD100046EBC6 /* Stroke Pie.swift in Sources */ = {isa = PBXBuildFile; fileRef = 15DA4AFA2EEBFD100046EBC6 /* Stroke Pie.swift */; };
		15DA4B302EEBFD100046EBC6 /* Morphy.swift in Sources */ = {isa = PBXBuildFile; fileRef = 15DA4B012EEBFD100046EBC6 /* Morphy.swift */; };
		15DA4B312EEBFD100046EBC6 /* Morphy2.swift in Sources */ = {isa = PBXBuildFile; fileRef = 15DA4B022EEBFD100046EBC6 /* Morphy2.swift */; };
		15DA4B3A2EEBFD100046EBC6 /* DataWidget.swift in Sources */ = {isa = PBXBuildFile; fileRef = 15DA4B102EEBFD100046EBC6 /* DataWidget.swift */; };
		15DA4B3B2EEBFD100046EBC6 /* DummyData.swift in Sources */ = {isa = PBXBuildFile; fileRef = 15DA4B112EEBFD100046EBC6 /* DummyData.swift */; };
		15DA4B3C2EEBFD100046EBC6 /* Card Declare.swift in Sources */ = {isa = PBXBuildFile; fileRef = 15DA4B132EEBFD100046EBC6 /* Card Declare.swift */; };
		15DA4B3D2EEBFD100046EBC6 /* Home.swift in Sources */ = {isa = PBXBuildFile; fileRef = 15DA4B142EEBFD100046EBC6 /* Home.swift */; };
		15DA4B3E2EEBFD100046EBC6 /* Chart.swift in Sources */ = {isa = PBXBuildFile; fileRef = 15DA4B162EEBFD100046EBC6 /* Chart.swift */; };
		15DA4B3F2EEBFD100046EBC6 /* ContactCard.swift in Sources */ = {isa = PBXBuildFile; fileRef = 15DA4B182EEBFD100046EBC6 /* ContactCard.swift */; };
		15DA4B412EEBFD100046EBC6 /* Search.swift in Sources */ = {isa = PBXBuildFile; fileRef = 15DA4B1A2EEBFD100046EBC6 /* Search.swift */; };
		15DA4B422EEBFD100046EBC6 /* Pay.swift in Sources */ = {isa = PBXBuildFile; fileRef = 15DA4B1C2EEBFD100046EBC6 /* Pay.swift */; };
		15DA4B432EEBFD100046EBC6 /* AppView.swift in Sources */ = {isa = PBXBuildFile; fileRef = 15DA4B242EEBFD100046EBC6 /* AppView.swift */; };
		15DA4B442EEBFD100046EBC6 /* wallet_iosApp.swift in Sources */ = {isa = PBXBuildFile; fileRef = 15DA4B262EEBFD100046EBC6 /* wallet_iosApp.swift */; };
		15DA4B452EEBFD100046EBC6 /* OpenRunde-Bold.otf in Resources */ = {isa = PBXBuildFile; fileRef = 15DA4B1F2EEBFD100046EBC6 /* OpenRunde-Bold.otf */; };
		15DA4B462EEBFD100046EBC6 /* OpenRunde-Medium.otf in Resources */ = {isa = PBXBuildFile; fileRef = 15DA4B202EEBFD100046EBC6 /* OpenRunde-Medium.otf */; };
		15DA4B472EEBFD100046EBC6 /* OpenRunde-Regular.otf in Resources */ = {isa = PBXBuildFile; fileRef = 15DA4B212EEBFD100046EBC6 /* OpenRunde-Regular.otf */; };
		15DA4B482EEBFD100046EBC6 /* OpenRunde-Semibold.otf in Resources */ = {isa = PBXBuildFile; fileRef = 15DA4B222EEBFD100046EBC6 /* OpenRunde-Semibold.otf */; };
		15DA4B492EEBFD100046EBC6 /* Assets.xcassets in Resources */ = {isa = PBXBuildFile; fileRef = 15DA4B252EEBFD100046EBC6 /* Assets.xcassets */; };
		15DA4B4B2EEC4E160046EBC6 /* BlurReplace.swift in Sources */ = {isa = PBXBuildFile; fileRef = 15DA4B4A2EEC4E120046EBC6 /* BlurReplace.swift */; };
		15DA4B4D2EEC5A0F0046EBC6 /* PageTransition.swift in Sources */ = {isa = PBXBuildFile; fileRef = 15DA4B4C2EEC5A080046EBC6 /* PageTransition.swift */; };
		15DA4B512EF03A460046EBC6 /* Initiate.swift in Sources */ = {isa = PBXBuildFile; fileRef = 15DA4B502EF03A410046EBC6 /* Initiate.swift */; };
		EE10F20A2F1D374B00944690 /* DonutContext.swift in Sources */ = {isa = PBXBuildFile; fileRef = EE10F2092F1D374500944690 /* DonutContext.swift */; };
		EE10F20C2F24CE4E00944690 /* DataInitializers.swift in Sources */ = {isa = PBXBuildFile; fileRef = EE10F20B2F24CE4800944690 /* DataInitializers.swift */; };
		EE10F2172F2665A500944690 /* DynLayout.swift in Sources */ = {isa = PBXBuildFile; fileRef = EE10F2162F26659E00944690 /* DynLayout.swift */; };
		EE10F2192F2787B600944690 /* Page 2.swift in Sources */ = {isa = PBXBuildFile; fileRef = EE10F2182F2787B300944690 /* Page 2.swift */; };
		EE72EC1E2F192AC700F13FAE /* DonutStyle.swift in Sources */ = {isa = PBXBuildFile; fileRef = EE72EC1D2F192AC100F13FAE /* DonutStyle.swift */; };
		EE8802F22EF8036E00A4D79D /* BottomAction.swift in Sources */ = {isa = PBXBuildFile; fileRef = EE8802F12EF8036700A4D79D /* BottomAction.swift */; };
		EE8802F42EF8039C00A4D79D /* AmountInput.swift in Sources */ = {isa = PBXBuildFile; fileRef = EE8802F32EF8039800A4D79D /* AmountInput.swift */; };
		EE8802F82EF8226300A4D79D /* Pay Grid.swift in Sources */ = {isa = PBXBuildFile; fileRef = EE8802F72EF8225C00A4D79D /* Pay Grid.swift */; };
		EE8802FC2EF8398100A4D79D /* Tags.swift in Sources */ = {isa = PBXBuildFile; fileRef = EE8802FB2EF8397E00A4D79D /* Tags.swift */; };
		EE8802FE2EF839AD00A4D79D /* Chip.swift in Sources */ = {isa = PBXBuildFile; fileRef = EE8802FD2EF839AA00A4D79D /* Chip.swift */; };
		EE9517722F2F85760007F91E /* Navigator.swift in Sources */ = {isa = PBXBuildFile; fileRef = EE9517712F2F85720007F91E /* Navigator.swift */; };
		EE9517752F2FA1700007F91E /* PayContext.swift in Sources */ = {isa = PBXBuildFile; fileRef = EE9517742F2FA16A0007F91E /* PayContext.swift */; };
		EE9517772F2FA2600007F91E /* PayToolbar.swift in Sources */ = {isa = PBXBuildFile; fileRef = EE9517762F2FA25B0007F91E /* PayToolbar.swift */; };
		EE95177A2F38D82C0007F91E /* ACSetup.swift in Sources */ = {isa = PBXBuildFile; fileRef = EE9517792F38D8290007F91E /* ACSetup.swift */; };
		EE9C148C2EEEC21E003A5926 /* SearchTab.swift in Sources */ = {isa = PBXBuildFile; fileRef = EE9C148B2EEEC216003A5926 /* SearchTab.swift */; };
		EE9C14902EF6C03C003A5926 /* Authenticate.swift in Sources */ = {isa = PBXBuildFile; fileRef = EE9C148F2EF6C039003A5926 /* Authenticate.swift */; };
		EE9C14932EF6C60D003A5926 /* CTAs.swift in Sources */ = {isa = PBXBuildFile; fileRef = EE9C14922EF6C609003A5926 /* CTAs.swift */; };
/* End PBXBuildFile section */

/* Begin PBXFileReference section */
		1549ECB52EF1386A00876D2D /* AnalyticsSheet.swift */ = {isa = PBXFileReference; lastKnownFileType = sourcecode.swift; path = AnalyticsSheet.swift; sourceTree = "<group>"; };
		1549ECB62EF1386A00876D2D /* Charts.swift */ = {isa = PBXFileReference; lastKnownFileType = sourcecode.swift; path = Charts.swift; sourceTree = "<group>"; };
		1549ECB72EF1386A00876D2D /* Data.swift */ = {isa = PBXFileReference; lastKnownFileType = sourcecode.swift; path = Data.swift; sourceTree = "<group>"; };
		1549ECBE2EF1598400876D2D /* TransactionOptions.swift */ = {isa = PBXFileReference; lastKnownFileType = sourcecode.swift; path = TransactionOptions.swift; sourceTree = "<group>"; };
		1549ECC42EF162D300876D2D /* wallet-ios-Info.plist */ = {isa = PBXFileReference; lastKnownFileType = text.plist.xml; path = "wallet-ios-Info.plist"; sourceTree = "<group>"; };
		1549ECC92EF177DC00876D2D /* pay_mock.mp4 */ = {isa = PBXFileReference; lastKnownFileType = file; path = pay_mock.mp4; sourceTree = "<group>"; };
		1549ECCE2EF29E5300876D2D /* PseudoCamera.swift */ = {isa = PBXFileReference; lastKnownFileType = sourcecode.swift; path = PseudoCamera.swift; sourceTree = "<group>"; };
		1549ECD42EF4038700876D2D /* Custom Decimal Style.swift */ = {isa = PBXFileReference; lastKnownFileType = sourcecode.swift; path = "Custom Decimal Style.swift"; sourceTree = "<group>"; };
		1549ECD82EF4220E00876D2D /* Integer Only.swift */ = {isa = PBXFileReference; lastKnownFileType = sourcecode.swift; path = "Integer Only.swift"; sourceTree = "<group>"; };
		1549ECDC2EF5472000876D2D /* AvatarStack.swift */ = {isa = PBXFileReference; lastKnownFileType = sourcecode.swift; path = AvatarStack.swift; sourceTree = "<group>"; };
		1549ECE22EFC27C600876D2D /* AvatarCircle.swift */ = {isa = PBXFileReference; lastKnownFileType = sourcecode.swift; path = AvatarCircle.swift; sourceTree = "<group>"; };
		1549ECE52EFEB40000876D2D /* SheetController.swift */ = {isa = PBXFileReference; lastKnownFileType = sourcecode.swift; path = SheetController.swift; sourceTree = "<group>"; };
		1549ECE92F03D7C300876D2D /* AvatarResize.swift */ = {isa = PBXFileReference; lastKnownFileType = sourcecode.swift; path = AvatarResize.swift; sourceTree = "<group>"; };
		15A79E402F0FE423000C6B4E /* Demo.swift */ = {isa = PBXFileReference; lastKnownFileType = sourcecode.swift; path = Demo.swift; sourceTree = "<group>"; };
		15A79E522F11195A000C6B4E /* RecursiveFullStack.swift */ = {isa = PBXFileReference; lastKnownFileType = sourcecode.swift; path = RecursiveFullStack.swift; sourceTree = "<group>"; };
		15A79E542F1125E9000C6B4E /* DynRouting.swift */ = {isa = PBXFileReference; lastKnownFileType = sourcecode.swift; path = DynRouting.swift; sourceTree = "<group>"; };
		15A79E582F11269A000C6B4E /* Page 1.swift */ = {isa = PBXFileReference; lastKnownFileType = sourcecode.swift; path = "Page 1.swift"; sourceTree = "<group>"; };
		15A79E5A2F1126CC000C6B4E /* DynToolbar.swift */ = {isa = PBXFileReference; lastKnownFileType = sourcecode.swift; path = DynToolbar.swift; sourceTree = "<group>"; };
		15A79E5C2F113302000C6B4E /* ContentContainer.swift */ = {isa = PBXFileReference; lastKnownFileType = sourcecode.swift; path = ContentContainer.swift; sourceTree = "<group>"; };
		15A79E5E2F115292000C6B4E /* DynContext.swift */ = {isa = PBXFileReference; lastKnownFileType = sourcecode.swift; path = DynContext.swift; sourceTree = "<group>"; };
		15A79E622F164E68000C6B4E /* SheetShell.swift */ = {isa = PBXFileReference; lastKnownFileType = sourcecode.swift; path = SheetShell.swift; sourceTree = "<group>"; };
		15C963BA2F1E123500960C5C /* ChartTest.swift */ = {isa = PBXFileReference; lastKnownFileType = sourcecode.swift; path = ChartTest.swift; sourceTree = "<group>"; };
		15C963BC2F1E3AA000960C5C /* ContextTest.swift */ = {isa = PBXFileReference; lastKnownFileType = sourcecode.swift; path = ContextTest.swift; sourceTree = "<group>"; };
		15C963BE2F1E76E700960C5C /* DonutDemo.swift */ = {isa = PBXFileReference; lastKnownFileType = sourcecode.swift; path = DonutDemo.swift; sourceTree = "<group>"; };
		15C963C32F1E781200960C5C /* DonutView.swift */ = {isa = PBXFileReference; lastKnownFileType = sourcecode.swift; path = DonutView.swift; sourceTree = "<group>"; };
		15C963C52F1E78F300960C5C /* DonutChart.swift */ = {isa = PBXFileReference; lastKnownFileType = sourcecode.swift; path = DonutChart.swift; sourceTree = "<group>"; };
		15C963C72F1E79C700960C5C /* DonutModifier.swift */ = {isa = PBXFileReference; lastKnownFileType = sourcecode.swift; path = DonutModifier.swift; sourceTree = "<group>"; };
		15C963C92F1E855800960C5C /* DonutAnimate.swift */ = {isa = PBXFileReference; lastKnownFileType = sourcecode.swift; path = DonutAnimate.swift; sourceTree = "<group>"; };
		15C963CB2F1E877000960C5C /* DonutInteract.swift */ = {isa = PBXFileReference; lastKnownFileType = sourcecode.swift; path = DonutInteract.swift; sourceTree = "<group>"; };
		15C963CE2F213CD100960C5C /* OneSegmentChart.swift */ = {isa = PBXFileReference; lastKnownFileType = sourcecode.swift; path = OneSegmentChart.swift; sourceTree = "<group>"; };
		15C963D32F29F83A00960C5C /* AvatarContext.swift */ = {isa = PBXFileReference; lastKnownFileType = sourcecode.swift; path = AvatarContext.swift; sourceTree = "<group>"; };
		15C963D52F29F94800960C5C /* Demo1.swift */ = {isa = PBXFileReference; lastKnownFileType = sourcecode.swift; path = Demo1.swift; sourceTree = "<group>"; };
		15C963D82F2A116000960C5C /* Demo2.swift */ = {isa = PBXFileReference; lastKnownFileType = sourcecode.swift; path = Demo2.swift; sourceTree = "<group>"; };
		15C963DC2F2BA07C00960C5C /* StackView.swift */ = {isa = PBXFileReference; lastKnownFileType = sourcecode.swift; path = StackView.swift; sourceTree = "<group>"; };
		15C963E12F30E98100960C5C /* GlassDemo.swift */ = {isa = PBXFileReference; lastKnownFileType = sourcecode.swift; path = GlassDemo.swift; sourceTree = "<group>"; };
		15C963E52F31F49700960C5C /* CustomGlass.swift */ = {isa = PBXFileReference; lastKnownFileType = sourcecode.swift; path = CustomGlass.swift; sourceTree = "<group>"; };
		15C963E72F322BDC00960C5C /* PayProcessSheet.swift */ = {isa = PBXFileReference; lastKnownFileType = sourcecode.swift; path = PayProcessSheet.swift; sourceTree = "<group>"; };
		15C963EB2F335A9600960C5C /* SwipeToUnlock.swift */ = {isa = PBXFileReference; lastKnownFileType = sourcecode.swift; path = SwipeToUnlock.swift; sourceTree = "<group>"; };
		15C963ED2F335BA200960C5C /* MorphingCap.swift */ = {isa = PBXFileReference; lastKnownFileType = sourcecode.swift; path = MorphingCap.swift; sourceTree = "<group>"; };
		15C963EF2F33706100960C5C /* MorphModifier.swift */ = {isa = PBXFileReference; lastKnownFileType = sourcecode.swift; path = MorphModifier.swift; sourceTree = "<group>"; };
		15C963F12F33750900960C5C /* MorphDemo.swift */ = {isa = PBXFileReference; lastKnownFileType = sourcecode.swift; path = MorphDemo.swift; sourceTree = "<group>"; };
		15C963F52F3395B200960C5C /* EdgeAccesory.swift */ = {isa = PBXFileReference; lastKnownFileType = sourcecode.swift; path = EdgeAccesory.swift; sourceTree = "<group>"; };
		15C963F72F34EAF900960C5C /* EdgeAccesoryDemo.swift */ = {isa = PBXFileReference; lastKnownFileType = sourcecode.swift; path = EdgeAccesoryDemo.swift; sourceTree = "<group>"; };
		15C963FD2F361D5F00960C5C /* LogicHelper.swift */ = {isa = PBXFileReference; lastKnownFileType = sourcecode.swift; path = LogicHelper.swift; sourceTree = "<group>"; };
		15C964002F363B5800960C5C /* InlineFlowDemo.swift */ = {isa = PBXFileReference; lastKnownFileType = sourcecode.swift; path = InlineFlowDemo.swift; sourceTree = "<group>"; };
		15C964112F36403400960C5C /* RenderHelper.swift */ = {isa = PBXFileReference; lastKnownFileType = sourcecode.swift; path = RenderHelper.swift; sourceTree = "<group>"; };
		15C964142F39D08400960C5C /* ACPreview.swift */ = {isa = PBXFileReference; lastKnownFileType = sourcecode.swift; path = ACPreview.swift; sourceTree = "<group>"; };
		15C964162F39D0BF00960C5C /* ACCircle.swift */ = {isa = PBXFileReference; lastKnownFileType = sourcecode.swift; path = ACCircle.swift; sourceTree = "<group>"; };
		15C964182F39D0E600960C5C /* ACStack.swift */ = {isa = PBXFileReference; lastKnownFileType = sourcecode.swift; path = ACStack.swift; sourceTree = "<group>"; };
		15DA4AF62EEBFD100046EBC6 /* Toolbar.swift */ = {isa = PBXFileReference; lastKnownFileType = sourcecode.swift; path = Toolbar.swift; sourceTree = "<group>"; };
		15DA4AFA2EEBFD100046EBC6 /* Stroke Pie.swift */ = {isa = PBXFileReference; lastKnownFileType = sourcecode.swift; path = "Stroke Pie.swift"; sourceTree = "<group>"; };
		15DA4B012EEBFD100046EBC6 /* Morphy.swift */ = {isa = PBXFileReference; lastKnownFileType = sourcecode.swift; path = Morphy.swift; sourceTree = "<group>"; };
		15DA4B022EEBFD100046EBC6 /* Morphy2.swift */ = {isa = PBXFileReference; lastKnownFileType = sourcecode.swift; path = Morphy2.swift; sourceTree = "<group>"; };
		15DA4B102EEBFD100046EBC6 /* DataWidget.swift */ = {isa = PBXFileReference; lastKnownFileType = sourcecode.swift; path = DataWidget.swift; sourceTree = "<group>"; };
		15DA4B112EEBFD100046EBC6 /* DummyData.swift */ = {isa = PBXFileReference; lastKnownFileType = sourcecode.swift; path = DummyData.swift; sourceTree = "<group>"; };
		15DA4B132EEBFD100046EBC6 /* Card Declare.swift */ = {isa = PBXFileReference; lastKnownFileType = sourcecode.swift; path = "Card Declare.swift"; sourceTree = "<group>"; };
		15DA4B142EEBFD100046EBC6 /* Home.swift */ = {isa = PBXFileReference; lastKnownFileType = sourcecode.swift; path = Home.swift; sourceTree = "<group>"; };
		15DA4B162EEBFD100046EBC6 /* Chart.swift */ = {isa = PBXFileReference; lastKnownFileType = sourcecode.swift; path = Chart.swift; sourceTree = "<group>"; };
		15DA4B182EEBFD100046EBC6 /* ContactCard.swift */ = {isa = PBXFileReference; lastKnownFileType = sourcecode.swift; path = ContactCard.swift; sourceTree = "<group>"; };
		15DA4B1A2EEBFD100046EBC6 /* Search.swift */ = {isa = PBXFileReference; lastKnownFileType = sourcecode.swift; path = Search.swift; sourceTree = "<group>"; };
		15DA4B1C2EEBFD100046EBC6 /* Pay.swift */ = {isa = PBXFileReference; lastKnownFileType = sourcecode.swift; path = Pay.swift; sourceTree = "<group>"; };
		15DA4B1F2EEBFD100046EBC6 /* OpenRunde-Bold.otf */ = {isa = PBXFileReference; lastKnownFileType = file; path = "OpenRunde-Bold.otf"; sourceTree = "<group>"; };
		15DA4B202EEBFD100046EBC6 /* OpenRunde-Medium.otf */ = {isa = PBXFileReference; lastKnownFileType = file; path = "OpenRunde-Medium.otf"; sourceTree = "<group>"; };
		15DA4B212EEBFD100046EBC6 /* OpenRunde-Regular.otf */ = {isa = PBXFileReference; lastKnownFileType = file; path = "OpenRunde-Regular.otf"; sourceTree = "<group>"; };
		15DA4B222EEBFD100046EBC6 /* OpenRunde-Semibold.otf */ = {isa = PBXFileReference; lastKnownFileType = file; path = "OpenRunde-Semibold.otf"; sourceTree = "<group>"; };
		15DA4B242EEBFD100046EBC6 /* AppView.swift */ = {isa = PBXFileReference; lastKnownFileType = sourcecode.swift; path = AppView.swift; sourceTree = "<group>"; };
		15DA4B252EEBFD100046EBC6 /* Assets.xcassets */ = {isa = PBXFileReference; lastKnownFileType = folder.assetcatalog; path = Assets.xcassets; sourceTree = "<group>"; };
		15DA4B262EEBFD100046EBC6 /* wallet_iosApp.swift */ = {isa = PBXFileReference; lastKnownFileType = sourcecode.swift; path = wallet_iosApp.swift; sourceTree = "<group>"; };
		15DA4B4A2EEC4E120046EBC6 /* BlurReplace.swift */ = {isa = PBXFileReference; lastKnownFileType = sourcecode.swift; path = BlurReplace.swift; sourceTree = "<group>"; };
		15DA4B4C2EEC5A080046EBC6 /* PageTransition.swift */ = {isa = PBXFileReference; lastKnownFileType = sourcecode.swift; path = PageTransition.swift; sourceTree = "<group>"; };
		15DA4B502EF03A410046EBC6 /* Initiate.swift */ = {isa = PBXFileReference; lastKnownFileType = sourcecode.swift; path = Initiate.swift; sourceTree = "<group>"; };
		EE0E14022EDAD5FA00092DAA /* wallet_ios.app */ = {isa = PBXFileReference; explicitFileType = wrapper.application; includeInIndex = 0; path = wallet_ios.app; sourceTree = BUILT_PRODUCTS_DIR; };
		EE10F2092F1D374500944690 /* DonutContext.swift */ = {isa = PBXFileReference; lastKnownFileType = sourcecode.swift; path = DonutContext.swift; sourceTree = "<group>"; };
		EE10F20B2F24CE4800944690 /* DataInitializers.swift */ = {isa = PBXFileReference; lastKnownFileType = sourcecode.swift; path = DataInitializers.swift; sourceTree = "<group>"; };
		EE10F2162F26659E00944690 /* DynLayout.swift */ = {isa = PBXFileReference; lastKnownFileType = sourcecode.swift; path = DynLayout.swift; sourceTree = "<group>"; };
		EE10F2182F2787B300944690 /* Page 2.swift */ = {isa = PBXFileReference; lastKnownFileType = sourcecode.swift; path = "Page 2.swift"; sourceTree = "<group>"; };
		EE72EC1D2F192AC100F13FAE /* DonutStyle.swift */ = {isa = PBXFileReference; lastKnownFileType = sourcecode.swift; path = DonutStyle.swift; sourceTree = "<group>"; };
		EE8802F12EF8036700A4D79D /* BottomAction.swift */ = {isa = PBXFileReference; lastKnownFileType = sourcecode.swift; path = BottomAction.swift; sourceTree = "<group>"; };
		EE8802F32EF8039800A4D79D /* AmountInput.swift */ = {isa = PBXFileReference; lastKnownFileType = sourcecode.swift; path = AmountInput.swift; sourceTree = "<group>"; };
		EE8802F72EF8225C00A4D79D /* Pay Grid.swift */ = {isa = PBXFileReference; lastKnownFileType = sourcecode.swift; path = "Pay Grid.swift"; sourceTree = "<group>"; };
		EE8802FB2EF8397E00A4D79D /* Tags.swift */ = {isa = PBXFileReference; lastKnownFileType = sourcecode.swift; path = Tags.swift; sourceTree = "<group>"; };
		EE8802FD2EF839AA00A4D79D /* Chip.swift */ = {isa = PBXFileReference; lastKnownFileType = sourcecode.swift; path = Chip.swift; sourceTree = "<group>"; };
		EE9517712F2F85720007F91E /* Navigator.swift */ = {isa = PBXFileReference; lastKnownFileType = sourcecode.swift; path = Navigator.swift; sourceTree = "<group>"; };
		EE9517742F2FA16A0007F91E /* PayContext.swift */ = {isa = PBXFileReference; lastKnownFileType = sourcecode.swift; path = PayContext.swift; sourceTree = "<group>"; };
		EE9517762F2FA25B0007F91E /* PayToolbar.swift */ = {isa = PBXFileReference; lastKnownFileType = sourcecode.swift; path = PayToolbar.swift; sourceTree = "<group>"; };
		EE9517792F38D8290007F91E /* ACSetup.swift */ = {isa = PBXFileReference; lastKnownFileType = sourcecode.swift; path = ACSetup.swift; sourceTree = "<group>"; };
		EE9C148B2EEEC216003A5926 /* SearchTab.swift */ = {isa = PBXFileReference; lastKnownFileType = sourcecode.swift; path = SearchTab.swift; sourceTree = "<group>"; };
		EE9C148F2EF6C039003A5926 /* Authenticate.swift */ = {isa = PBXFileReference; lastKnownFileType = sourcecode.swift; path = Authenticate.swift; sourceTree = "<group>"; };
		EE9C14922EF6C609003A5926 /* CTAs.swift */ = {isa = PBXFileReference; lastKnownFileType = sourcecode.swift; path = CTAs.swift; sourceTree = "<group>"; };
/* End PBXFileReference section */

/* Begin PBXFrameworksBuildPhase section */
		EE0E13FF2EDAD5FA00092DAA /* Frameworks */ = {
			isa = PBXFrameworksBuildPhase;
			buildActionMask = 2147483647;
			files = (
			);
			runOnlyForDeploymentPostprocessing = 0;
		};
/* End PBXFrameworksBuildPhase section */

/* Begin PBXGroup section */
		1549ECB82EF1386A00876D2D /* Analytics */ = {
			isa = PBXGroup;
			children = (
				1549ECB52EF1386A00876D2D /* AnalyticsSheet.swift */,
				1549ECB62EF1386A00876D2D /* Charts.swift */,
				1549ECB72EF1386A00876D2D /* Data.swift */,
			);
			path = Analytics;
			sourceTree = "<group>";
		};
		1549ECB92EF1386A00876D2D /* Modals */ = {
			isa = PBXGroup;
			children = (
				1549ECB82EF1386A00876D2D /* Analytics */,
			);
			path = Modals;
			sourceTree = "<group>";
		};
		1549ECBD2EF1596000876D2D /* Sheets */ = {
			isa = PBXGroup;
			children = (
				1549ECBE2EF1598400876D2D /* TransactionOptions.swift */,
			);
			path = Sheets;
			sourceTree = "<group>";
		};
		1549ECC82EF177C300876D2D /* Videos */ = {
			isa = PBXGroup;
			children = (
				1549ECC92EF177DC00876D2D /* pay_mock.mp4 */,
			);
			path = Videos;
			sourceTree = "<group>";
		};
		1549ECCD2EF1A9B200876D2D /* Function */ = {
			isa = PBXGroup;
			children = (
				1549ECCE2EF29E5300876D2D /* PseudoCamera.swift */,
			);
			path = Function;
			sourceTree = "<group>";
		};
		1549ECD02EF2D9B300876D2D /* Payment */ = {
			isa = PBXGroup;
			children = (
				EE9517732F2FA14A0007F91E /* Main Views */,
				EE8802F52EF81C8300A4D79D /* Sub Views */,
				EE8802EE2EF7DA4100A4D79D /* Components */,
				1549ECD12EF2D9F000876D2D /* Functions */,
			);
			path = Payment;
			sourceTree = "<group>";
		};
		1549ECD12EF2D9F000876D2D /* Functions */ = {
			isa = PBXGroup;
			children = (
				EE9517742F2FA16A0007F91E /* PayContext.swift */,
			);
			path = Functions;
			sourceTree = "<group>";
		};
		1549ECE82F03D7B600876D2D /* Functions */ = {
			isa = PBXGroup;
			children = (
				1549ECE52EFEB40000876D2D /* SheetController.swift */,
				1549ECE92F03D7C300876D2D /* AvatarResize.swift */,
			);
			path = Functions;
			sourceTree = "<group>";
		};
		15C963B72F1A36FD00960C5C /* Components */ = {
			isa = PBXGroup;
			children = (
				15C963FF2F363B3000960C5C /* Inline Flow */,
				15C964132F39CFA800960C5C /* Avatar Cutout 2 */,
				15C963D22F29F7F900960C5C /* Avatar Cutouts */,
				15C963C02F1E77AD00960C5C /* Funky Donut */,
				15DA4B092EEBFD100046EBC6 /* Dyn Sheet */,
			);
			path = Components;
			sourceTree = "<group>";
		};
		15C963C02F1E77AD00960C5C /* Funky Donut */ = {
			isa = PBXGroup;
			children = (
				15C963BE2F1E76E700960C5C /* DonutDemo.swift */,
				15C963C32F1E781200960C5C /* DonutView.swift */,
				15C963C52F1E78F300960C5C /* DonutChart.swift */,
				15C963C72F1E79C700960C5C /* DonutModifier.swift */,
				15C963CD2F1F9BB800960C5C /* Helpers */,
			);
			path = "Funky Donut";
			sourceTree = "<group>";
		};
		15C963CD2F1F9BB800960C5C /* Helpers */ = {
			isa = PBXGroup;
			children = (
				EE10F20B2F24CE4800944690 /* DataInitializers.swift */,
				EE10F2092F1D374500944690 /* DonutContext.swift */,
				EE72EC1D2F192AC100F13FAE /* DonutStyle.swift */,
				15C963C92F1E855800960C5C /* DonutAnimate.swift */,
				15C963CB2F1E877000960C5C /* DonutInteract.swift */,
			);
			path = Helpers;
			sourceTree = "<group>";
		};
		15C963D22F29F7F900960C5C /* Avatar Cutouts */ = {
			isa = PBXGroup;
			children = (
				15C963D52F29F94800960C5C /* Demo1.swift */,
				15C963D82F2A116000960C5C /* Demo2.swift */,
				15C963D72F2A114100960C5C /* Helpers */,
			);
			path = "Avatar Cutouts";
			sourceTree = "<group>";
		};
		15C963D72F2A114100960C5C /* Helpers */ = {
			isa = PBXGroup;
			children = (
				15C963DC2F2BA07C00960C5C /* StackView.swift */,
				1549ECDC2EF5472000876D2D /* AvatarStack.swift */,
				1549ECE22EFC27C600876D2D /* AvatarCircle.swift */,
				15C963D32F29F83A00960C5C /* AvatarContext.swift */,
			);
			path = Helpers;
			sourceTree = "<group>";
		};
		15C963E02F30E73500960C5C /* Slide To Close */ = {
			isa = PBXGroup;
			children = (
				15C963F72F34EAF900960C5C /* EdgeAccesoryDemo.swift */,
				15C963F52F3395B200960C5C /* EdgeAccesory.swift */,
				15C963E12F30E98100960C5C /* GlassDemo.swift */,
				15C963ED2F335BA200960C5C /* MorphingCap.swift */,
				15C963EB2F335A9600960C5C /* SwipeToUnlock.swift */,
				15C963E52F31F49700960C5C /* CustomGlass.swift */,
				15C963E72F322BDC00960C5C /* PayProcessSheet.swift */,
				15C963F12F33750900960C5C /* MorphDemo.swift */,
				15C963EF2F33706100960C5C /* MorphModifier.swift */,
			);
			path = "Slide To Close";
			sourceTree = "<group>";
		};
		15C963FF2F363B3000960C5C /* Inline Flow */ = {
			isa = PBXGroup;
			children = (
				15C964002F363B5800960C5C /* InlineFlowDemo.swift */,
				15C964112F36403400960C5C /* RenderHelper.swift */,
				15C963FD2F361D5F00960C5C /* LogicHelper.swift */,
				EE8802FD2EF839AA00A4D79D /* Chip.swift */,
			);
			path = "Inline Flow";
			sourceTree = "<group>";
		};
		15C964132F39CFA800960C5C /* Avatar Cutout 2 */ = {
			isa = PBXGroup;
			children = (
				15C964142F39D08400960C5C /* ACPreview.swift */,
				15C964182F39D0E600960C5C /* ACStack.swift */,
				15C964162F39D0BF00960C5C /* ACCircle.swift */,
				EE9517792F38D8290007F91E /* ACSetup.swift */,
			);
			path = "Avatar Cutout 2";
			sourceTree = "<group>";
		};
		15DA4AF72EEBFD100046EBC6 /* Toolbar */ = {
			isa = PBXGroup;
			children = (
				15DA4AF62EEBFD100046EBC6 /* Toolbar.swift */,
			);
			path = Toolbar;
			sourceTree = "<group>";
		};
		15DA4B092EEBFD100046EBC6 /* Dyn Sheet */ = {
			isa = PBXGroup;
			children = (
				15A79E402F0FE423000C6B4E /* Demo.swift */,
				EE10F21A2F278E0000944690 /* Content Template */,
				EE10F20D2F24E41B00944690 /* Helpers */,
			);
			path = "Dyn Sheet";
			sourceTree = "<group>";
		};
		15DA4B0A2EEBFD100046EBC6 /* ---Experiments */ = {
			isa = PBXGroup;
			children = (
				15C963CE2F213CD100960C5C /* OneSegmentChart.swift */,
				15C963BC2F1E3AA000960C5C /* ContextTest.swift */,
				15C963BA2F1E123500960C5C /* ChartTest.swift */,
				15A79E522F11195A000C6B4E /* RecursiveFullStack.swift */,
				15DA4AFA2EEBFD100046EBC6 /* Stroke Pie.swift */,
				15C963E02F30E73500960C5C /* Slide To Close */,
				EE1A4E022F06B5F600352395 /* PageTransition */,
				15DA4AF72EEBFD100046EBC6 /* Toolbar */,
			);
			path = "---Experiments";
			sourceTree = "<group>";
		};
		15DA4B122EEBFD100046EBC6 /* Components */ = {
			isa = PBXGroup;
			children = (
				15DA4B102EEBFD100046EBC6 /* DataWidget.swift */,
				15DA4B112EEBFD100046EBC6 /* DummyData.swift */,
				15DA4B132EEBFD100046EBC6 /* Card Declare.swift */,
			);
			path = Components;
			sourceTree = "<group>";
		};
		15DA4B152EEBFD100046EBC6 /* Home */ = {
			isa = PBXGroup;
			children = (
				15DA4B142EEBFD100046EBC6 /* Home.swift */,
				1549ECB92EF1386A00876D2D /* Modals */,
				EE8802F62EF820E500A4D79D /* SubViews */,
				1549ECE82F03D7B600876D2D /* Functions */,
				15DA4B122EEBFD100046EBC6 /* Components */,
			);
			path = Home;
			sourceTree = "<group>";
		};
		15DA4B172EEBFD100046EBC6 /* Analytics */ = {
			isa = PBXGroup;
			children = (
				15DA4B162EEBFD100046EBC6 /* Chart.swift */,
			);
			path = Analytics;
			sourceTree = "<group>";
		};
		15DA4B1B2EEBFD100046EBC6 /* Components */ = {
			isa = PBXGroup;
			children = (
				15DA4B182EEBFD100046EBC6 /* ContactCard.swift */,
				EE9C148B2EEEC216003A5926 /* SearchTab.swift */,
			);
			path = Components;
			sourceTree = "<group>";
		};
		15DA4B1E2EEBFD100046EBC6 /* Transact */ = {
			isa = PBXGroup;
			children = (
				15DA4B502EF03A410046EBC6 /* Initiate.swift */,
				15DA4B1A2EEBFD100046EBC6 /* Search.swift */,
				1549ECBD2EF1596000876D2D /* Sheets */,
				1549ECCD2EF1A9B200876D2D /* Function */,
				15DA4B1B2EEBFD100046EBC6 /* Components */,
			);
			path = Transact;
			sourceTree = "<group>";
		};
		15DA4B232EEBFD100046EBC6 /* Fonts */ = {
			isa = PBXGroup;
			children = (
				15DA4B1F2EEBFD100046EBC6 /* OpenRunde-Bold.otf */,
				15DA4B202EEBFD100046EBC6 /* OpenRunde-Medium.otf */,
				15DA4B212EEBFD100046EBC6 /* OpenRunde-Regular.otf */,
				15DA4B222EEBFD100046EBC6 /* OpenRunde-Semibold.otf */,
			);
			path = Fonts;
			sourceTree = "<group>";
		};
		15DA4B272EEBFD100046EBC6 /* wallet_ios */ = {
			isa = PBXGroup;
			children = (
				15DA4B242EEBFD100046EBC6 /* AppView.swift */,
				15DA4B262EEBFD100046EBC6 /* wallet_iosApp.swift */,
				EE8802FA2EF8292A00A4D79D /* Main */,
				15DA4B252EEBFD100046EBC6 /* Assets.xcassets */,
				EE8802F92EF828AE00A4D79D /* Assets */,
				15C963B72F1A36FD00960C5C /* Components */,
				15DA4B0A2EEBFD100046EBC6 /* ---Experiments */,
			);
			path = wallet_ios;
			sourceTree = "<group>";
		};
		EE0E13F92EDAD5FA00092DAA = {
			isa = PBXGroup;
			children = (
				1549ECC42EF162D300876D2D /* wallet-ios-Info.plist */,
				15DA4B272EEBFD100046EBC6 /* wallet_ios */,
				EE0E14032EDAD5FA00092DAA /* Products */,
			);
			sourceTree = "<group>";
		};
		EE0E14032EDAD5FA00092DAA /* Products */ = {
			isa = PBXGroup;
			children = (
				EE0E14022EDAD5FA00092DAA /* wallet_ios.app */,
			);
			name = Products;
			sourceTree = "<group>";
		};
		EE10F20D2F24E41B00944690 /* Helpers */ = {
			isa = PBXGroup;
			children = (
				EE9517712F2F85720007F91E /* Navigator.swift */,
				15A79E622F164E68000C6B4E /* SheetShell.swift */,
				15A79E5C2F113302000C6B4E /* ContentContainer.swift */,
				EE10F2162F26659E00944690 /* DynLayout.swift */,
				15A79E5E2F115292000C6B4E /* DynContext.swift */,
			);
			path = Helpers;
			sourceTree = "<group>";
		};
		EE10F21A2F278E0000944690 /* Content Template */ = {
			isa = PBXGroup;
			children = (
				15A79E542F1125E9000C6B4E /* DynRouting.swift */,
				15A79E582F11269A000C6B4E /* Page 1.swift */,
				EE10F2182F2787B300944690 /* Page 2.swift */,
				15A79E5A2F1126CC000C6B4E /* DynToolbar.swift */,
			);
			path = "Content Template";
			sourceTree = "<group>";
		};
		EE1A4E022F06B5F600352395 /* PageTransition */ = {
			isa = PBXGroup;
			children = (
				15DA4B4A2EEC4E120046EBC6 /* BlurReplace.swift */,
				15DA4B4C2EEC5A080046EBC6 /* PageTransition.swift */,
				15DA4B012EEBFD100046EBC6 /* Morphy.swift */,
				15DA4B022EEBFD100046EBC6 /* Morphy2.swift */,
			);
			path = PageTransition;
			sourceTree = "<group>";
		};
		EE8802EE2EF7DA4100A4D79D /* Components */ = {
			isa = PBXGroup;
			children = (
				1549ECD82EF4220E00876D2D /* Integer Only.swift */,
				1549ECD42EF4038700876D2D /* Custom Decimal Style.swift */,
				EE9C14922EF6C609003A5926 /* CTAs.swift */,
			);
			path = Components;
			sourceTree = "<group>";
		};
		EE8802F52EF81C8300A4D79D /* Sub Views */ = {
			isa = PBXGroup;
			children = (
				EE8802F32EF8039800A4D79D /* AmountInput.swift */,
				EE8802FB2EF8397E00A4D79D /* Tags.swift */,
				EE8802F12EF8036700A4D79D /* BottomAction.swift */,
				EE9C148F2EF6C039003A5926 /* Authenticate.swift */,
			);
			path = "Sub Views";
			sourceTree = "<group>";
		};
		EE8802F62EF820E500A4D79D /* SubViews */ = {
			isa = PBXGroup;
			children = (
				EE8802F72EF8225C00A4D79D /* Pay Grid.swift */,
			);
			path = SubViews;
			sourceTree = "<group>";
		};
		EE8802F92EF828AE00A4D79D /* Assets */ = {
			isa = PBXGroup;
			children = (
				15DA4B232EEBFD100046EBC6 /* Fonts */,
				1549ECC82EF177C300876D2D /* Videos */,
			);
			path = Assets;
			sourceTree = "<group>";
		};
		EE8802FA2EF8292A00A4D79D /* Main */ = {
			isa = PBXGroup;
			children = (
				15DA4B152EEBFD100046EBC6 /* Home */,
				1549ECD02EF2D9B300876D2D /* Payment */,
				15DA4B1E2EEBFD100046EBC6 /* Transact */,
				15DA4B172EEBFD100046EBC6 /* Analytics */,
			);
			path = Main;
			sourceTree = "<group>";
		};
		EE9517732F2FA14A0007F91E /* Main Views */ = {
			isa = PBXGroup;
			children = (
				15DA4B1C2EEBFD100046EBC6 /* Pay.swift */,
				EE9517762F2FA25B0007F91E /* PayToolbar.swift */,
			);
			path = "Main Views";
			sourceTree = "<group>";
		};
/* End PBXGroup section */

/* Begin PBXNativeTarget section */
		EE0E14012EDAD5FA00092DAA /* wallet_ios */ = {
			isa = PBXNativeTarget;
			buildConfigurationList = EE0E14252EDAD5FB00092DAA /* Build configuration list for PBXNativeTarget "wallet_ios" */;
			buildPhases = (
				EE0E13FE2EDAD5FA00092DAA /* Sources */,
				EE0E13FF2EDAD5FA00092DAA /* Frameworks */,
				EE0E14002EDAD5FA00092DAA /* Resources */,
			);
			buildRules = (
			);
			dependencies = (
			);
			name = wallet_ios;
			packageProductDependencies = (
			);
			productName = wallet_ios;
			productReference = EE0E14022EDAD5FA00092DAA /* wallet_ios.app */;
			productType = "com.apple.product-type.application";
		};
/* End PBXNativeTarget section */

/* Begin PBXProject section */
		EE0E13FA2EDAD5FA00092DAA /* Project object */ = {
			isa = PBXProject;
			attributes = {
				BuildIndependentTargetsInParallel = 1;
				LastSwiftUpdateCheck = 2600;
				LastUpgradeCheck = 2600;
				TargetAttributes = {
					EE0E14012EDAD5FA00092DAA = {
						CreatedOnToolsVersion = 26.0.1;
					};
				};
			};
			buildConfigurationList = EE0E13FD2EDAD5FA00092DAA /* Build configuration list for PBXProject "wallet_ios" */;
			developmentRegion = en;
			hasScannedForEncodings = 0;
			knownRegions = (
				en,
				Base,
			);
			mainGroup = EE0E13F92EDAD5FA00092DAA;
			minimizedProjectReferenceProxies = 1;
			preferredProjectObjectVersion = 77;
			productRefGroup = EE0E14032EDAD5FA00092DAA /* Products */;
			projectDirPath = "";
			projectRoot = "";
			targets = (
				EE0E14012EDAD5FA00092DAA /* wallet_ios */,
			);
		};
/* End PBXProject section */

/* Begin PBXResourcesBuildPhase section */
		EE0E14002EDAD5FA00092DAA /* Resources */ = {
			isa = PBXResourcesBuildPhase;
			buildActionMask = 2147483647;
			files = (
				1549ECCA2EF177DC00876D2D /* pay_mock.mp4 in Resources */,
				15DA4B452EEBFD100046EBC6 /* OpenRunde-Bold.otf in Resources */,
				15DA4B462EEBFD100046EBC6 /* OpenRunde-Medium.otf in Resources */,
				15DA4B472EEBFD100046EBC6 /* OpenRunde-Regular.otf in Resources */,
				15DA4B482EEBFD100046EBC6 /* OpenRunde-Semibold.otf in Resources */,
				15DA4B492EEBFD100046EBC6 /* Assets.xcassets in Resources */,
			);
			runOnlyForDeploymentPostprocessing = 0;
		};
/* End PBXResourcesBuildPhase section */

/* Begin PBXSourcesBuildPhase section */
		EE0E13FE2EDAD5FA00092DAA /* Sources */ = {
			isa = PBXSourcesBuildPhase;
			buildActionMask = 2147483647;
			files = (
				EE8802F22EF8036E00A4D79D /* BottomAction.swift in Sources */,
				15C963F22F33750E00960C5C /* MorphDemo.swift in Sources */,
				EE9517722F2F85760007F91E /* Navigator.swift in Sources */,
				15DA4B282EEBFD100046EBC6 /* Toolbar.swift in Sources */,
				EE8802FE2EF839AD00A4D79D /* Chip.swift in Sources */,
				1549ECBA2EF1386A00876D2D /* Charts.swift in Sources */,
				1549ECBB2EF1386A00876D2D /* Data.swift in Sources */,
				15A79E5D2F113306000C6B4E /* ContentContainer.swift in Sources */,
				EE8802F82EF8226300A4D79D /* Pay Grid.swift in Sources */,
				1549ECCF2EF29E5900876D2D /* PseudoCamera.swift in Sources */,
				1549ECBC2EF1386A00876D2D /* AnalyticsSheet.swift in Sources */,
				EE9517772F2FA2600007F91E /* PayToolbar.swift in Sources */,
				15C963C82F1E79C900960C5C /* DonutModifier.swift in Sources */,
				EE8802F42EF8039C00A4D79D /* AmountInput.swift in Sources */,
				15A79E632F164E6C000C6B4E /* SheetShell.swift in Sources */,
				15A79E5B2F1126D0000C6B4E /* DynToolbar.swift in Sources */,
				15A79E412F0FE423000C6B4E /* Demo.swift in Sources */,
				EE72EC1E2F192AC700F13FAE /* DonutStyle.swift in Sources */,
				EE10F2192F2787B600944690 /* Page 2.swift in Sources */,
				15C963CA2F1E855C00960C5C /* DonutAnimate.swift in Sources */,
				15C964012F363B5A00960C5C /* InlineFlowDemo.swift in Sources */,
				15C963E62F31F49E00960C5C /* CustomGlass.swift in Sources */,
				15C964152F39D08900960C5C /* ACPreview.swift in Sources */,
				15DA4B4D2EEC5A0F0046EBC6 /* PageTransition.swift in Sources */,
				15C963F62F3395BA00960C5C /* EdgeAccesory.swift in Sources */,
				15C963F02F33706500960C5C /* MorphModifier.swift in Sources */,
				15DA4B2B2EEBFD100046EBC6 /* Stroke Pie.swift in Sources */,
				EE9C148C2EEEC21E003A5926 /* SearchTab.swift in Sources */,
				EE10F2172F2665A500944690 /* DynLayout.swift in Sources */,
				15A79E592F1126A0000C6B4E /* Page 1.swift in Sources */,
				1549ECD92EF4221500876D2D /* Integer Only.swift in Sources */,
				EE9C14932EF6C60D003A5926 /* CTAs.swift in Sources */,
				15C963DD2F2BA08000960C5C /* StackView.swift in Sources */,
				15DA4B302EEBFD100046EBC6 /* Morphy.swift in Sources */,
				15C963F82F34EAFE00960C5C /* EdgeAccesoryDemo.swift in Sources */,
				15C963C62F1E78F500960C5C /* DonutChart.swift in Sources */,
				15C963D62F29F94D00960C5C /* Demo1.swift in Sources */,
				15C963CC2F1E877D00960C5C /* DonutInteract.swift in Sources */,
				15C963D92F2A116400960C5C /* Demo2.swift in Sources */,
				15C963E22F30E98700960C5C /* GlassDemo.swift in Sources */,
				15A79E5F2F115296000C6B4E /* DynContext.swift in Sources */,
				15DA4B312EEBFD100046EBC6 /* Morphy2.swift in Sources */,
				1549ECD52EF4038F00876D2D /* Custom Decimal Style.swift in Sources */,
				15C963EE2F335BA800960C5C /* MorphingCap.swift in Sources */,
				EE8802FC2EF8398100A4D79D /* Tags.swift in Sources */,
				15C963C42F1E781400960C5C /* DonutView.swift in Sources */,
				1549ECE62EFEB40700876D2D /* SheetController.swift in Sources */,
				15DA4B512EF03A460046EBC6 /* Initiate.swift in Sources */,
				1549ECE32EFC27CC00876D2D /* AvatarCircle.swift in Sources */,
				15A79E532F11195A000C6B4E /* RecursiveFullStack.swift in Sources */,
				EE9517752F2FA1700007F91E /* PayContext.swift in Sources */,
				15C963BB2F1E123800960C5C /* ChartTest.swift in Sources */,
				15DA4B3A2EEBFD100046EBC6 /* DataWidget.swift in Sources */,
				15DA4B4B2EEC4E160046EBC6 /* BlurReplace.swift in Sources */,
				1549ECDD2EF5472500876D2D /* AvatarStack.swift in Sources */,
				15C963FE2F361D6100960C5C /* LogicHelper.swift in Sources */,
				15C963CF2F213CD500960C5C /* OneSegmentChart.swift in Sources */,
				15DA4B3B2EEBFD100046EBC6 /* DummyData.swift in Sources */,
				15C963EC2F335A9F00960C5C /* SwipeToUnlock.swift in Sources */,
				1549ECBF2EF1598F00876D2D /* TransactionOptions.swift in Sources */,
				15DA4B3C2EEBFD100046EBC6 /* Card Declare.swift in Sources */,
				15DA4B3D2EEBFD100046EBC6 /* Home.swift in Sources */,
				15C963D42F29F84000960C5C /* AvatarContext.swift in Sources */,
				EE10F20C2F24CE4E00944690 /* DataInitializers.swift in Sources */,
				15DA4B3E2EEBFD100046EBC6 /* Chart.swift in Sources */,
				1549ECEA2F03D7CE00876D2D /* AvatarResize.swift in Sources */,
				EE10F20A2F1D374B00944690 /* DonutContext.swift in Sources */,
				15C964192F39D0E900960C5C /* ACStack.swift in Sources */,
				15DA4B3F2EEBFD100046EBC6 /* ContactCard.swift in Sources */,
				15A79E552F1125ED000C6B4E /* DynRouting.swift in Sources */,
				15DA4B412EEBFD100046EBC6 /* Search.swift in Sources */,
				15C963BD2F1E3AA400960C5C /* ContextTest.swift in Sources */,
				15C963BF2F1E76EC00960C5C /* DonutDemo.swift in Sources */,
				EE9C14902EF6C03C003A5926 /* Authenticate.swift in Sources */,
				15DA4B422EEBFD100046EBC6 /* Pay.swift in Sources */,
				15DA4B432EEBFD100046EBC6 /* AppView.swift in Sources */,
				EE95177A2F38D82C0007F91E /* ACSetup.swift in Sources */,
				15C963E82F322BE500960C5C /* PayProcessSheet.swift in Sources */,
				15C964122F36403900960C5C /* RenderHelper.swift in Sources */,
				15DA4B442EEBFD100046EBC6 /* wallet_iosApp.swift in Sources */,
				15C964172F39D0C300960C5C /* ACCircle.swift in Sources */,
			);
			runOnlyForDeploymentPostprocessing = 0;
		};
/* End PBXSourcesBuildPhase section */

/* Begin XCBuildConfiguration section */
		EE0E14232EDAD5FB00092DAA /* Debug */ = {
			isa = XCBuildConfiguration;
			buildSettings = {
				ALWAYS_SEARCH_USER_PATHS = NO;
				ASSETCATALOG_COMPILER_GENERATE_SWIFT_ASSET_SYMBOL_EXTENSIONS = YES;
				CLANG_ANALYZER_NONNULL = YES;
				CLANG_ANALYZER_NUMBER_OBJECT_CONVERSION = YES_AGGRESSIVE;
				CLANG_CXX_LANGUAGE_STANDARD = "gnu++20";
				CLANG_ENABLE_MODULES = YES;
				CLANG_ENABLE_OBJC_ARC = YES;
				CLANG_ENABLE_OBJC_WEAK = YES;
				CLANG_WARN_BLOCK_CAPTURE_AUTORELEASING = YES;
				CLANG_WARN_BOOL_CONVERSION = YES;
				CLANG_WARN_COMMA = YES;
				CLANG_WARN_CONSTANT_CONVERSION = YES;
				CLANG_WARN_DEPRECATED_OBJC_IMPLEMENTATIONS = YES;
				CLANG_WARN_DIRECT_OBJC_ISA_USAGE = YES_ERROR;
				CLANG_WARN_DOCUMENTATION_COMMENTS = YES;
				CLANG_WARN_EMPTY_BODY = YES;
				CLANG_WARN_ENUM_CONVERSION = YES;
				CLANG_WARN_INFINITE_RECURSION = YES;
				CLANG_WARN_INT_CONVERSION = YES;
				CLANG_WARN_NON_LITERAL_NULL_CONVERSION = YES;
				CLANG_WARN_OBJC_IMPLICIT_RETAIN_SELF = YES;
				CLANG_WARN_OBJC_LITERAL_CONVERSION = YES;
				CLANG_WARN_OBJC_ROOT_CLASS = YES_ERROR;
				CLANG_WARN_QUOTED_INCLUDE_IN_FRAMEWORK_HEADER = YES;
				CLANG_WARN_RANGE_LOOP_ANALYSIS = YES;
				CLANG_WARN_STRICT_PROTOTYPES = YES;
				CLANG_WARN_SUSPICIOUS_MOVE = YES;
				CLANG_WARN_UNGUARDED_AVAILABILITY = YES_AGGRESSIVE;
				CLANG_WARN_UNREACHABLE_CODE = YES;
				CLANG_WARN__DUPLICATE_METHOD_MATCH = YES;
				COPY_PHASE_STRIP = NO;
				DEBUG_INFORMATION_FORMAT = dwarf;
				ENABLE_STRICT_OBJC_MSGSEND = YES;
				ENABLE_TESTABILITY = YES;
				ENABLE_USER_SCRIPT_SANDBOXING = YES;
				GCC_C_LANGUAGE_STANDARD = gnu17;
				GCC_DYNAMIC_NO_PIC = NO;
				GCC_NO_COMMON_BLOCKS = YES;
				GCC_OPTIMIZATION_LEVEL = 0;
				GCC_PREPROCESSOR_DEFINITIONS = (
					"DEBUG=1",
					"$(inherited)",
				);
				GCC_WARN_64_TO_32_BIT_CONVERSION = YES;
				GCC_WARN_ABOUT_RETURN_TYPE = YES_ERROR;
				GCC_WARN_UNDECLARED_SELECTOR = YES;
				GCC_WARN_UNINITIALIZED_AUTOS = YES_AGGRESSIVE;
				GCC_WARN_UNUSED_FUNCTION = YES;
				GCC_WARN_UNUSED_VARIABLE = YES;
				IPHONEOS_DEPLOYMENT_TARGET = 26.0;
				LOCALIZATION_PREFERS_STRING_CATALOGS = YES;
				MTL_ENABLE_DEBUG_INFO = INCLUDE_SOURCE;
				MTL_FAST_MATH = YES;
				ONLY_ACTIVE_ARCH = YES;
				SDKROOT = iphoneos;
				SWIFT_ACTIVE_COMPILATION_CONDITIONS = "DEBUG $(inherited)";
				SWIFT_OPTIMIZATION_LEVEL = "-Onone";
			};
			name = Debug;
		};
		EE0E14242EDAD5FB00092DAA /* Release */ = {
			isa = XCBuildConfiguration;
			buildSettings = {
				ALWAYS_SEARCH_USER_PATHS = NO;
				ASSETCATALOG_COMPILER_GENERATE_SWIFT_ASSET_SYMBOL_EXTENSIONS = YES;
				CLANG_ANALYZER_NONNULL = YES;
				CLANG_ANALYZER_NUMBER_OBJECT_CONVERSION = YES_AGGRESSIVE;
				CLANG_CXX_LANGUAGE_STANDARD = "gnu++20";
				CLANG_ENABLE_MODULES = YES;
				CLANG_ENABLE_OBJC_ARC = YES;
				CLANG_ENABLE_OBJC_WEAK = YES;
				CLANG_WARN_BLOCK_CAPTURE_AUTORELEASING = YES;
				CLANG_WARN_BOOL_CONVERSION = YES;
				CLANG_WARN_COMMA = YES;
				CLANG_WARN_CONSTANT_CONVERSION = YES;
				CLANG_WARN_DEPRECATED_OBJC_IMPLEMENTATIONS = YES;
				CLANG_WARN_DIRECT_OBJC_ISA_USAGE = YES_ERROR;
				CLANG_WARN_DOCUMENTATION_COMMENTS = YES;
				CLANG_WARN_EMPTY_BODY = YES;
				CLANG_WARN_ENUM_CONVERSION = YES;
				CLANG_WARN_INFINITE_RECURSION = YES;
				CLANG_WARN_INT_CONVERSION = YES;
				CLANG_WARN_NON_LITERAL_NULL_CONVERSION = YES;
				CLANG_WARN_OBJC_IMPLICIT_RETAIN_SELF = YES;
				CLANG_WARN_OBJC_LITERAL_CONVERSION = YES;
				CLANG_WARN_OBJC_ROOT_CLASS = YES_ERROR;
				CLANG_WARN_QUOTED_INCLUDE_IN_FRAMEWORK_HEADER = YES;
				CLANG_WARN_RANGE_LOOP_ANALYSIS = YES;
				CLANG_WARN_STRICT_PROTOTYPES = YES;
				CLANG_WARN_SUSPICIOUS_MOVE = YES;
				CLANG_WARN_UNGUARDED_AVAILABILITY = YES_AGGRESSIVE;
				CLANG_WARN_UNREACHABLE_CODE = YES;
				CLANG_WARN__DUPLICATE_METHOD_MATCH = YES;
				COPY_PHASE_STRIP = NO;
				DEBUG_INFORMATION_FORMAT = "dwarf-with-dsym";
				ENABLE_NS_ASSERTIONS = NO;
				ENABLE_STRICT_OBJC_MSGSEND = YES;
				ENABLE_USER_SCRIPT_SANDBOXING = YES;
				GCC_C_LANGUAGE_STANDARD = gnu17;
				GCC_NO_COMMON_BLOCKS = YES;
				GCC_WARN_64_TO_32_BIT_CONVERSION = YES;
				GCC_WARN_ABOUT_RETURN_TYPE = YES_ERROR;
				GCC_WARN_UNDECLARED_SELECTOR = YES;
				GCC_WARN_UNINITIALIZED_AUTOS = YES_AGGRESSIVE;
				GCC_WARN_UNUSED_FUNCTION = YES;
				GCC_WARN_UNUSED_VARIABLE = YES;
				IPHONEOS_DEPLOYMENT_TARGET = 26.0;
				LOCALIZATION_PREFERS_STRING_CATALOGS = YES;
				MTL_ENABLE_DEBUG_INFO = NO;
				MTL_FAST_MATH = YES;
				SDKROOT = iphoneos;
				SWIFT_COMPILATION_MODE = wholemodule;
				VALIDATE_PRODUCT = YES;
			};
			name = Release;
		};
		EE0E14262EDAD5FB00092DAA /* Debug */ = {
			isa = XCBuildConfiguration;
			buildSettings = {
				ASSETCATALOG_COMPILER_APPICON_NAME = AppIcon;
				ASSETCATALOG_COMPILER_GLOBAL_ACCENT_COLOR_NAME = AccentColor;
				CODE_SIGN_STYLE = Automatic;
				CURRENT_PROJECT_VERSION = 1;
				ENABLE_PREVIEWS = YES;
				GENERATE_INFOPLIST_FILE = YES;
				INFOPLIST_FILE = "wallet-ios-Info.plist";
				INFOPLIST_KEY_UIApplicationSceneManifest_Generation = YES;
				INFOPLIST_KEY_UIApplicationSupportsIndirectInputEvents = YES;
				INFOPLIST_KEY_UILaunchScreen_Generation = YES;
				INFOPLIST_KEY_UISupportedInterfaceOrientations_iPad = "UIInterfaceOrientationPortrait UIInterfaceOrientationPortraitUpsideDown UIInterfaceOrientationLandscapeLeft UIInterfaceOrientationLandscapeRight";
				INFOPLIST_KEY_UISupportedInterfaceOrientations_iPhone = "UIInterfaceOrientationPortrait UIInterfaceOrientationLandscapeLeft UIInterfaceOrientationLandscapeRight";
				LD_RUNPATH_SEARCH_PATHS = (
					"$(inherited)",
					"@executable_path/Frameworks",
				);
				MARKETING_VERSION = 1.0;
				PRODUCT_BUNDLE_IDENTIFIER = "Me.wallet-ios";
				PRODUCT_NAME = "$(TARGET_NAME)";
				STRING_CATALOG_GENERATE_SYMBOLS = YES;
				SWIFT_APPROACHABLE_CONCURRENCY = YES;
				SWIFT_DEFAULT_ACTOR_ISOLATION = MainActor;
				SWIFT_EMIT_LOC_STRINGS = YES;
				SWIFT_UPCOMING_FEATURE_MEMBER_IMPORT_VISIBILITY = YES;
				SWIFT_VERSION = 5.0;
				TARGETED_DEVICE_FAMILY = "1,2";
			};
			name = Debug;
		};
		EE0E14272EDAD5FB00092DAA /* Release */ = {
			isa = XCBuildConfiguration;
			buildSettings = {
				ASSETCATALOG_COMPILER_APPICON_NAME = AppIcon;
				ASSETCATALOG_COMPILER_GLOBAL_ACCENT_COLOR_NAME = AccentColor;
				CODE_SIGN_STYLE = Automatic;
				CURRENT_PROJECT_VERSION = 1;
				ENABLE_PREVIEWS = YES;
				GENERATE_INFOPLIST_FILE = YES;
				INFOPLIST_FILE = "wallet-ios-Info.plist";
				INFOPLIST_KEY_UIApplicationSceneManifest_Generation = YES;
				INFOPLIST_KEY_UIApplicationSupportsIndirectInputEvents = YES;
				INFOPLIST_KEY_UILaunchScreen_Generation = YES;
				INFOPLIST_KEY_UISupportedInterfaceOrientations_iPad = "UIInterfaceOrientationPortrait UIInterfaceOrientationPortraitUpsideDown UIInterfaceOrientationLandscapeLeft UIInterfaceOrientationLandscapeRight";
				INFOPLIST_KEY_UISupportedInterfaceOrientations_iPhone = "UIInterfaceOrientationPortrait UIInterfaceOrientationLandscapeLeft UIInterfaceOrientationLandscapeRight";
				LD_RUNPATH_SEARCH_PATHS = (
					"$(inherited)",
					"@executable_path/Frameworks",
				);
				MARKETING_VERSION = 1.0;
				PRODUCT_BUNDLE_IDENTIFIER = "Me.wallet-ios";
				PRODUCT_NAME = "$(TARGET_NAME)";
				STRING_CATALOG_GENERATE_SYMBOLS = YES;
				SWIFT_APPROACHABLE_CONCURRENCY = YES;
				SWIFT_DEFAULT_ACTOR_ISOLATION = MainActor;
				SWIFT_EMIT_LOC_STRINGS = YES;
				SWIFT_UPCOMING_FEATURE_MEMBER_IMPORT_VISIBILITY = YES;
				SWIFT_VERSION = 5.0;
				TARGETED_DEVICE_FAMILY = "1,2";
			};
			name = Release;
		};
/* End XCBuildConfiguration section */

/* Begin XCConfigurationList section */
		EE0E13FD2EDAD5FA00092DAA /* Build configuration list for PBXProject "wallet_ios" */ = {
			isa = XCConfigurationList;
			buildConfigurations = (
				EE0E14232EDAD5FB00092DAA /* Debug */,
				EE0E14242EDAD5FB00092DAA /* Release */,
			);
			defaultConfigurationIsVisible = 0;
			defaultConfigurationName = Release;
		};
		EE0E14252EDAD5FB00092DAA /* Build configuration list for PBXNativeTarget "wallet_ios" */ = {
			isa = XCConfigurationList;
			buildConfigurations = (
				EE0E14262EDAD5FB00092DAA /* Debug */,
				EE0E14272EDAD5FB00092DAA /* Release */,
			);
			defaultConfigurationIsVisible = 0;
			defaultConfigurationName = Release;
		};
/* End XCConfigurationList section */
	};
	rootObject = EE0E13FA2EDAD5FA00092DAA /* Project object */;
}
