// !$*UTF8*$!
{
	archiveVersion = 1;
	classes = {
	};
	objectVersion = 77;
	objects = {

/* Begin PBXBuildFile section */
		1549ECBA2EF1386A00876D2D /* Charts.swift in Sources */ = {isa = PBXBuildFile; fileRef = 1549ECB62EF1386A00876D2D /* Charts.swift */; };
		1549ECBB2EF1386A00876D2D /* Data.swift in Sources */ = {isa = PBXBuildFile; fileRef = 1549ECB72EF1386A00876D2D /* Data.swift */; };
		1549ECBC2EF1386A00876D2D /* AnalyticsSheet.swift in Sources */ = {isa = PBXBuildFile; fileRef = 1549ECB52EF1386A00876D2D /* AnalyticsSheet.swift */; };
		1549ECBF2EF1598F00876D2D /* TransactionOptions.swift in Sources */ = {isa = PBXBuildFile; fileRef = 1549ECBE2EF1598400876D2D /* TransactionOptions.swift */; };
		1549ECC52EF162D300876D2D /* wallet-ios-Info.plist in Resources */ = {isa = PBXBuildFile; fileRef = 1549ECC42EF162D300876D2D /* wallet-ios-Info.plist */; };
		1549ECCA2EF177DC00876D2D /* pay_mock.mp4 in Resources */ = {isa = PBXBuildFile; fileRef = 1549ECC92EF177DC00876D2D /* pay_mock.mp4 */; };
		1549ECCF2EF29E5900876D2D /* PseudoCamera.swift in Sources */ = {isa = PBXBuildFile; fileRef = 1549ECCE2EF29E5300876D2D /* PseudoCamera.swift */; };
		1549ECD32EF2ECC900876D2D /* AutoFlowComposer.swift in Sources */ = {isa = PBXBuildFile; fileRef = 1549ECD22EF2ECC300876D2D /* AutoFlowComposer.swift */; };
		1549ECD52EF4038F00876D2D /* Custom Decimal Style.swift in Sources */ = {isa = PBXBuildFile; fileRef = 1549ECD42EF4038700876D2D /* Custom Decimal Style.swift */; };
		1549ECD92EF4221500876D2D /* Integer Only.swift in Sources */ = {isa = PBXBuildFile; fileRef = 1549ECD82EF4220E00876D2D /* Integer Only.swift */; };
		1549ECDD2EF5472500876D2D /* CapsuleCut.swift in Sources */ = {isa = PBXBuildFile; fileRef = 1549ECDC2EF5472000876D2D /* CapsuleCut.swift */; };
		15DA4B282EEBFD100046EBC6 /* Toolbar.swift in Sources */ = {isa = PBXBuildFile; fileRef = 15DA4AF62EEBFD100046EBC6 /* Toolbar.swift */; };
		15DA4B292EEBFD100046EBC6 /* Chart Version.swift in Sources */ = {isa = PBXBuildFile; fileRef = 15DA4AF82EEBFD100046EBC6 /* Chart Version.swift */; };
		15DA4B2A2EEBFD100046EBC6 /* Copying Chart.swift in Sources */ = {isa = PBXBuildFile; fileRef = 15DA4AF92EEBFD100046EBC6 /* Copying Chart.swift */; };
		15DA4B2B2EEBFD100046EBC6 /* Stroke Version.swift in Sources */ = {isa = PBXBuildFile; fileRef = 15DA4AFA2EEBFD100046EBC6 /* Stroke Version.swift */; };
		15DA4B2C2EEBFD100046EBC6 /* PillUse.swift in Sources */ = {isa = PBXBuildFile; fileRef = 15DA4AFC2EEBFD100046EBC6 /* PillUse.swift */; };
		15DA4B2E2EEBFD100046EBC6 /* AutoFlow.swift in Sources */ = {isa = PBXBuildFile; fileRef = 15DA4AFE2EEBFD100046EBC6 /* AutoFlow.swift */; };
		15DA4B302EEBFD100046EBC6 /* Morphy.swift in Sources */ = {isa = PBXBuildFile; fileRef = 15DA4B012EEBFD100046EBC6 /* Morphy.swift */; };
		15DA4B312EEBFD100046EBC6 /* Morphy2.swift in Sources */ = {isa = PBXBuildFile; fileRef = 15DA4B022EEBFD100046EBC6 /* Morphy2.swift */; };
		15DA4B322EEBFD100046EBC6 /* New Test.swift in Sources */ = {isa = PBXBuildFile; fileRef = 15DA4B032EEBFD100046EBC6 /* New Test.swift */; };
		15DA4B332EEBFD100046EBC6 /* Resize Test.swift in Sources */ = {isa = PBXBuildFile; fileRef = 15DA4B042EEBFD100046EBC6 /* Resize Test.swift */; };
		15DA4B342EEBFD100046EBC6 /* Basic.swift in Sources */ = {isa = PBXBuildFile; fileRef = 15DA4B062EEBFD100046EBC6 /* Basic.swift */; };
		15DA4B352EEBFD100046EBC6 /* ComplexStack.swift in Sources */ = {isa = PBXBuildFile; fileRef = 15DA4B072EEBFD100046EBC6 /* ComplexStack.swift */; };
		15DA4B362EEBFD100046EBC6 /* StackedNav.swift in Sources */ = {isa = PBXBuildFile; fileRef = 15DA4B082EEBFD100046EBC6 /* StackedNav.swift */; };
		15DA4B3A2EEBFD100046EBC6 /* DataWidget.swift in Sources */ = {isa = PBXBuildFile; fileRef = 15DA4B102EEBFD100046EBC6 /* DataWidget.swift */; };
		15DA4B3B2EEBFD100046EBC6 /* DummyData.swift in Sources */ = {isa = PBXBuildFile; fileRef = 15DA4B112EEBFD100046EBC6 /* DummyData.swift */; };
		15DA4B3C2EEBFD100046EBC6 /* Card Declare.swift in Sources */ = {isa = PBXBuildFile; fileRef = 15DA4B132EEBFD100046EBC6 /* Card Declare.swift */; };
		15DA4B3D2EEBFD100046EBC6 /* Home.swift in Sources */ = {isa = PBXBuildFile; fileRef = 15DA4B142EEBFD100046EBC6 /* Home.swift */; };
		15DA4B3E2EEBFD100046EBC6 /* Chart.swift in Sources */ = {isa = PBXBuildFile; fileRef = 15DA4B162EEBFD100046EBC6 /* Chart.swift */; };
		15DA4B3F2EEBFD100046EBC6 /* ContactCard.swift in Sources */ = {isa = PBXBuildFile; fileRef = 15DA4B182EEBFD100046EBC6 /* ContactCard.swift */; };
		15DA4B412EEBFD100046EBC6 /* Search.swift in Sources */ = {isa = PBXBuildFile; fileRef = 15DA4B1A2EEBFD100046EBC6 /* Search.swift */; };
		15DA4B422EEBFD100046EBC6 /* Pay.swift in Sources */ = {isa = PBXBuildFile; fileRef = 15DA4B1C2EEBFD100046EBC6 /* Pay.swift */; };
		15DA4B432EEBFD100046EBC6 /* AppView.swift in Sources */ = {isa = PBXBuildFile; fileRef = 15DA4B242EEBFD100046EBC6 /* AppView.swift */; };
		15DA4B442EEBFD100046EBC6 /* wallet_iosApp.swift in Sources */ = {isa = PBXBuildFile; fileRef = 15DA4B262EEBFD100046EBC6 /* wallet_iosApp.swift */; };
		15DA4B452EEBFD100046EBC6 /* OpenRunde-Bold.otf in Resources */ = {isa = PBXBuildFile; fileRef = 15DA4B1F2EEBFD100046EBC6 /* OpenRunde-Bold.otf */; };
		15DA4B462EEBFD100046EBC6 /* OpenRunde-Medium.otf in Resources */ = {isa = PBXBuildFile; fileRef = 15DA4B202EEBFD100046EBC6 /* OpenRunde-Medium.otf */; };
		15DA4B472EEBFD100046EBC6 /* OpenRunde-Regular.otf in Resources */ = {isa = PBXBuildFile; fileRef = 15DA4B212EEBFD100046EBC6 /* OpenRunde-Regular.otf */; };
		15DA4B482EEBFD100046EBC6 /* OpenRunde-Semibold.otf in Resources */ = {isa = PBXBuildFile; fileRef = 15DA4B222EEBFD100046EBC6 /* OpenRunde-Semibold.otf */; };
		15DA4B492EEBFD100046EBC6 /* Assets.xcassets in Resources */ = {isa = PBXBuildFile; fileRef = 15DA4B252EEBFD100046EBC6 /* Assets.xcassets */; };
		15DA4B4B2EEC4E160046EBC6 /* BlurReplace.swift in Sources */ = {isa = PBXBuildFile; fileRef = 15DA4B4A2EEC4E120046EBC6 /* BlurReplace.swift */; };
		15DA4B4D2EEC5A0F0046EBC6 /* PageTransition.swift in Sources */ = {isa = PBXBuildFile; fileRef = 15DA4B4C2EEC5A080046EBC6 /* PageTransition.swift */; };
		15DA4B512EF03A460046EBC6 /* Initiate.swift in Sources */ = {isa = PBXBuildFile; fileRef = 15DA4B502EF03A410046EBC6 /* Initiate.swift */; };
		EE9C14882EED792F003A5926 /* ToolbarMorph.swift in Sources */ = {isa = PBXBuildFile; fileRef = EE9C14872EED7929003A5926 /* ToolbarMorph.swift */; };
		EE9C148C2EEEC21E003A5926 /* SearchTab.swift in Sources */ = {isa = PBXBuildFile; fileRef = EE9C148B2EEEC216003A5926 /* SearchTab.swift */; };
/* End PBXBuildFile section */

/* Begin PBXFileReference section */
		1549ECB52EF1386A00876D2D /* AnalyticsSheet.swift */ = {isa = PBXFileReference; lastKnownFileType = sourcecode.swift; path = AnalyticsSheet.swift; sourceTree = "<group>"; };
		1549ECB62EF1386A00876D2D /* Charts.swift */ = {isa = PBXFileReference; lastKnownFileType = sourcecode.swift; path = Charts.swift; sourceTree = "<group>"; };
		1549ECB72EF1386A00876D2D /* Data.swift */ = {isa = PBXFileReference; lastKnownFileType = sourcecode.swift; path = Data.swift; sourceTree = "<group>"; };
		1549ECBE2EF1598400876D2D /* TransactionOptions.swift */ = {isa = PBXFileReference; lastKnownFileType = sourcecode.swift; path = TransactionOptions.swift; sourceTree = "<group>"; };
		1549ECC42EF162D300876D2D /* wallet-ios-Info.plist */ = {isa = PBXFileReference; lastKnownFileType = text.plist.xml; path = "wallet-ios-Info.plist"; sourceTree = "<group>"; };
		1549ECC92EF177DC00876D2D /* pay_mock.mp4 */ = {isa = PBXFileReference; lastKnownFileType = file; path = pay_mock.mp4; sourceTree = "<group>"; };
		1549ECCE2EF29E5300876D2D /* PseudoCamera.swift */ = {isa = PBXFileReference; lastKnownFileType = sourcecode.swift; path = PseudoCamera.swift; sourceTree = "<group>"; };
		1549ECD22EF2ECC300876D2D /* AutoFlowComposer.swift */ = {isa = PBXFileReference; lastKnownFileType = sourcecode.swift; path = AutoFlowComposer.swift; sourceTree = "<group>"; };
		1549ECD42EF4038700876D2D /* Custom Decimal Style.swift */ = {isa = PBXFileReference; lastKnownFileType = sourcecode.swift; path = "Custom Decimal Style.swift"; sourceTree = "<group>"; };
		1549ECD82EF4220E00876D2D /* Integer Only.swift */ = {isa = PBXFileReference; lastKnownFileType = sourcecode.swift; path = "Integer Only.swift"; sourceTree = "<group>"; };
		1549ECDC2EF5472000876D2D /* CapsuleCut.swift */ = {isa = PBXFileReference; lastKnownFileType = sourcecode.swift; path = CapsuleCut.swift; sourceTree = "<group>"; };
		15DA4AF62EEBFD100046EBC6 /* Toolbar.swift */ = {isa = PBXFileReference; lastKnownFileType = sourcecode.swift; path = Toolbar.swift; sourceTree = "<group>"; };
		15DA4AF82EEBFD100046EBC6 /* Chart Version.swift */ = {isa = PBXFileReference; lastKnownFileType = sourcecode.swift; path = "Chart Version.swift"; sourceTree = "<group>"; };
		15DA4AF92EEBFD100046EBC6 /* Copying Chart.swift */ = {isa = PBXFileReference; lastKnownFileType = sourcecode.swift; path = "Copying Chart.swift"; sourceTree = "<group>"; };
		15DA4AFA2EEBFD100046EBC6 /* Stroke Version.swift */ = {isa = PBXFileReference; lastKnownFileType = sourcecode.swift; path = "Stroke Version.swift"; sourceTree = "<group>"; };
		15DA4AFC2EEBFD100046EBC6 /* PillUse.swift */ = {isa = PBXFileReference; lastKnownFileType = sourcecode.swift; path = PillUse.swift; sourceTree = "<group>"; };
		15DA4AFE2EEBFD100046EBC6 /* AutoFlow.swift */ = {isa = PBXFileReference; lastKnownFileType = sourcecode.swift; path = AutoFlow.swift; sourceTree = "<group>"; };
		15DA4B012EEBFD100046EBC6 /* Morphy.swift */ = {isa = PBXFileReference; lastKnownFileType = sourcecode.swift; path = Morphy.swift; sourceTree = "<group>"; };
		15DA4B022EEBFD100046EBC6 /* Morphy2.swift */ = {isa = PBXFileReference; lastKnownFileType = sourcecode.swift; path = Morphy2.swift; sourceTree = "<group>"; };
		15DA4B032EEBFD100046EBC6 /* New Test.swift */ = {isa = PBXFileReference; lastKnownFileType = sourcecode.swift; path = "New Test.swift"; sourceTree = "<group>"; };
		15DA4B042EEBFD100046EBC6 /* Resize Test.swift */ = {isa = PBXFileReference; lastKnownFileType = sourcecode.swift; path = "Resize Test.swift"; sourceTree = "<group>"; };
		15DA4B062EEBFD100046EBC6 /* Basic.swift */ = {isa = PBXFileReference; lastKnownFileType = sourcecode.swift; path = Basic.swift; sourceTree = "<group>"; };
		15DA4B072EEBFD100046EBC6 /* ComplexStack.swift */ = {isa = PBXFileReference; lastKnownFileType = sourcecode.swift; path = ComplexStack.swift; sourceTree = "<group>"; };
		15DA4B082EEBFD100046EBC6 /* StackedNav.swift */ = {isa = PBXFileReference; lastKnownFileType = sourcecode.swift; path = StackedNav.swift; sourceTree = "<group>"; };
		15DA4B102EEBFD100046EBC6 /* DataWidget.swift */ = {isa = PBXFileReference; lastKnownFileType = sourcecode.swift; path = DataWidget.swift; sourceTree = "<group>"; };
		15DA4B112EEBFD100046EBC6 /* DummyData.swift */ = {isa = PBXFileReference; lastKnownFileType = sourcecode.swift; path = DummyData.swift; sourceTree = "<group>"; };
		15DA4B132EEBFD100046EBC6 /* Card Declare.swift */ = {isa = PBXFileReference; lastKnownFileType = sourcecode.swift; path = "Card Declare.swift"; sourceTree = "<group>"; };
		15DA4B142EEBFD100046EBC6 /* Home.swift */ = {isa = PBXFileReference; lastKnownFileType = sourcecode.swift; path = Home.swift; sourceTree = "<group>"; };
		15DA4B162EEBFD100046EBC6 /* Chart.swift */ = {isa = PBXFileReference; lastKnownFileType = sourcecode.swift; path = Chart.swift; sourceTree = "<group>"; };
		15DA4B182EEBFD100046EBC6 /* ContactCard.swift */ = {isa = PBXFileReference; lastKnownFileType = sourcecode.swift; path = ContactCard.swift; sourceTree = "<group>"; };
		15DA4B1A2EEBFD100046EBC6 /* Search.swift */ = {isa = PBXFileReference; lastKnownFileType = sourcecode.swift; path = Search.swift; sourceTree = "<group>"; };
		15DA4B1C2EEBFD100046EBC6 /* Pay.swift */ = {isa = PBXFileReference; lastKnownFileType = sourcecode.swift; path = Pay.swift; sourceTree = "<group>"; };
		15DA4B1F2EEBFD100046EBC6 /* OpenRunde-Bold.otf */ = {isa = PBXFileReference; lastKnownFileType = file; path = "OpenRunde-Bold.otf"; sourceTree = "<group>"; };
		15DA4B202EEBFD100046EBC6 /* OpenRunde-Medium.otf */ = {isa = PBXFileReference; lastKnownFileType = file; path = "OpenRunde-Medium.otf"; sourceTree = "<group>"; };
		15DA4B212EEBFD100046EBC6 /* OpenRunde-Regular.otf */ = {isa = PBXFileReference; lastKnownFileType = file; path = "OpenRunde-Regular.otf"; sourceTree = "<group>"; };
		15DA4B222EEBFD100046EBC6 /* OpenRunde-Semibold.otf */ = {isa = PBXFileReference; lastKnownFileType = file; path = "OpenRunde-Semibold.otf"; sourceTree = "<group>"; };
		15DA4B242EEBFD100046EBC6 /* AppView.swift */ = {isa = PBXFileReference; lastKnownFileType = sourcecode.swift; path = AppView.swift; sourceTree = "<group>"; };
		15DA4B252EEBFD100046EBC6 /* Assets.xcassets */ = {isa = PBXFileReference; lastKnownFileType = folder.assetcatalog; path = Assets.xcassets; sourceTree = "<group>"; };
		15DA4B262EEBFD100046EBC6 /* wallet_iosApp.swift */ = {isa = PBXFileReference; lastKnownFileType = sourcecode.swift; path = wallet_iosApp.swift; sourceTree = "<group>"; };
		15DA4B4A2EEC4E120046EBC6 /* BlurReplace.swift */ = {isa = PBXFileReference; lastKnownFileType = sourcecode.swift; path = BlurReplace.swift; sourceTree = "<group>"; };
		15DA4B4C2EEC5A080046EBC6 /* PageTransition.swift */ = {isa = PBXFileReference; lastKnownFileType = sourcecode.swift; path = PageTransition.swift; sourceTree = "<group>"; };
		15DA4B502EF03A410046EBC6 /* Initiate.swift */ = {isa = PBXFileReference; lastKnownFileType = sourcecode.swift; path = Initiate.swift; sourceTree = "<group>"; };
		EE0E14022EDAD5FA00092DAA /* wallet_ios.app */ = {isa = PBXFileReference; explicitFileType = wrapper.application; includeInIndex = 0; path = wallet_ios.app; sourceTree = BUILT_PRODUCTS_DIR; };
		EE9C14872EED7929003A5926 /* ToolbarMorph.swift */ = {isa = PBXFileReference; lastKnownFileType = sourcecode.swift; path = ToolbarMorph.swift; sourceTree = "<group>"; };
		EE9C148B2EEEC216003A5926 /* SearchTab.swift */ = {isa = PBXFileReference; lastKnownFileType = sourcecode.swift; path = SearchTab.swift; sourceTree = "<group>"; };
/* End PBXFileReference section */

/* Begin PBXFrameworksBuildPhase section */
		EE0E13FF2EDAD5FA00092DAA /* Frameworks */ = {
			isa = PBXFrameworksBuildPhase;
			buildActionMask = 2147483647;
			files = (
			);
			runOnlyForDeploymentPostprocessing = 0;
		};
/* End PBXFrameworksBuildPhase section */

/* Begin PBXGroup section */
		1549ECB82EF1386A00876D2D /* Analytics */ = {
			isa = PBXGroup;
			children = (
				1549ECB52EF1386A00876D2D /* AnalyticsSheet.swift */,
				1549ECB62EF1386A00876D2D /* Charts.swift */,
				1549ECB72EF1386A00876D2D /* Data.swift */,
			);
			path = Analytics;
			sourceTree = "<group>";
		};
		1549ECB92EF1386A00876D2D /* Modals */ = {
			isa = PBXGroup;
			children = (
				1549ECB82EF1386A00876D2D /* Analytics */,
			);
			path = Modals;
			sourceTree = "<group>";
		};
		1549ECBD2EF1596000876D2D /* Sheets */ = {
			isa = PBXGroup;
			children = (
				1549ECBE2EF1598400876D2D /* TransactionOptions.swift */,
			);
			path = Sheets;
			sourceTree = "<group>";
		};
		1549ECC82EF177C300876D2D /* Videos */ = {
			isa = PBXGroup;
			children = (
				1549ECC92EF177DC00876D2D /* pay_mock.mp4 */,
			);
			path = Videos;
			sourceTree = "<group>";
		};
		1549ECCD2EF1A9B200876D2D /* Function */ = {
			isa = PBXGroup;
			children = (
				1549ECCE2EF29E5300876D2D /* PseudoCamera.swift */,
			);
			path = Function;
			sourceTree = "<group>";
		};
		1549ECD02EF2D9B300876D2D /* Payment */ = {
			isa = PBXGroup;
			children = (
				15DA4B1C2EEBFD100046EBC6 /* Pay.swift */,
				1549ECD12EF2D9F000876D2D /* Functions */,
			);
			path = Payment;
			sourceTree = "<group>";
		};
		1549ECD12EF2D9F000876D2D /* Functions */ = {
			isa = PBXGroup;
			children = (
				1549ECD22EF2ECC300876D2D /* AutoFlowComposer.swift */,
				1549ECD42EF4038700876D2D /* Custom Decimal Style.swift */,
				1549ECD82EF4220E00876D2D /* Integer Only.swift */,
				1549ECDC2EF5472000876D2D /* CapsuleCut.swift */,
				15DA4AFE2EEBFD100046EBC6 /* AutoFlow.swift */,
				15DA4AFC2EEBFD100046EBC6 /* PillUse.swift */,
			);
			path = Functions;
			sourceTree = "<group>";
		};
		15DA4AF72EEBFD100046EBC6 /* Custom Tab */ = {
			isa = PBXGroup;
			children = (
				15DA4AF62EEBFD100046EBC6 /* Toolbar.swift */,
			);
			path = "Custom Tab";
			sourceTree = "<group>";
		};
		15DA4AFB2EEBFD100046EBC6 /* Funky Donut */ = {
			isa = PBXGroup;
			children = (
				15DA4AF82EEBFD100046EBC6 /* Chart Version.swift */,
				15DA4AF92EEBFD100046EBC6 /* Copying Chart.swift */,
				15DA4AFA2EEBFD100046EBC6 /* Stroke Version.swift */,
			);
			path = "Funky Donut";
			sourceTree = "<group>";
		};
		15DA4AFF2EEBFD100046EBC6 /* Pill Title */ = {
			isa = PBXGroup;
			children = (
			);
			path = "Pill Title";
			sourceTree = "<group>";
		};
		15DA4B052EEBFD100046EBC6 /* Test Nested 02 */ = {
			isa = PBXGroup;
			children = (
				EE9C14872EED7929003A5926 /* ToolbarMorph.swift */,
				15DA4B012EEBFD100046EBC6 /* Morphy.swift */,
				15DA4B022EEBFD100046EBC6 /* Morphy2.swift */,
				15DA4B4A2EEC4E120046EBC6 /* BlurReplace.swift */,
				15DA4B4C2EEC5A080046EBC6 /* PageTransition.swift */,
				15DA4B032EEBFD100046EBC6 /* New Test.swift */,
				15DA4B042EEBFD100046EBC6 /* Resize Test.swift */,
			);
			path = "Test Nested 02";
			sourceTree = "<group>";
		};
		15DA4B092EEBFD100046EBC6 /* Sheet */ = {
			isa = PBXGroup;
			children = (
				15DA4B052EEBFD100046EBC6 /* Test Nested 02 */,
				15DA4B062EEBFD100046EBC6 /* Basic.swift */,
				15DA4B072EEBFD100046EBC6 /* ComplexStack.swift */,
				15DA4B082EEBFD100046EBC6 /* StackedNav.swift */,
			);
			path = Sheet;
			sourceTree = "<group>";
		};
		15DA4B0A2EEBFD100046EBC6 /* ---Experiments */ = {
			isa = PBXGroup;
			children = (
				15DA4AF72EEBFD100046EBC6 /* Custom Tab */,
				15DA4AFB2EEBFD100046EBC6 /* Funky Donut */,
				15DA4AFF2EEBFD100046EBC6 /* Pill Title */,
				15DA4B092EEBFD100046EBC6 /* Sheet */,
			);
			path = "---Experiments";
			sourceTree = "<group>";
		};
		15DA4B122EEBFD100046EBC6 /* Components */ = {
			isa = PBXGroup;
			children = (
				15DA4B102EEBFD100046EBC6 /* DataWidget.swift */,
				15DA4B112EEBFD100046EBC6 /* DummyData.swift */,
			);
			path = Components;
			sourceTree = "<group>";
		};
		15DA4B152EEBFD100046EBC6 /* Home */ = {
			isa = PBXGroup;
			children = (
				15DA4B122EEBFD100046EBC6 /* Components */,
				15DA4B142EEBFD100046EBC6 /* Home.swift */,
				15DA4B132EEBFD100046EBC6 /* Card Declare.swift */,
			);
			path = Home;
			sourceTree = "<group>";
		};
		15DA4B172EEBFD100046EBC6 /* Analytics */ = {
			isa = PBXGroup;
			children = (
				15DA4B162EEBFD100046EBC6 /* Chart.swift */,
			);
			path = Analytics;
			sourceTree = "<group>";
		};
		15DA4B1B2EEBFD100046EBC6 /* Components */ = {
			isa = PBXGroup;
			children = (
				15DA4B182EEBFD100046EBC6 /* ContactCard.swift */,
				EE9C148B2EEEC216003A5926 /* SearchTab.swift */,
			);
			path = Components;
			sourceTree = "<group>";
		};
		15DA4B1E2EEBFD100046EBC6 /* Transact */ = {
			isa = PBXGroup;
			children = (
				15DA4B502EF03A410046EBC6 /* Initiate.swift */,
				15DA4B1A2EEBFD100046EBC6 /* Search.swift */,
				1549ECBD2EF1596000876D2D /* Sheets */,
				1549ECCD2EF1A9B200876D2D /* Function */,
				15DA4B1B2EEBFD100046EBC6 /* Components */,
			);
			path = Transact;
			sourceTree = "<group>";
		};
		15DA4B232EEBFD100046EBC6 /* Fonts */ = {
			isa = PBXGroup;
			children = (
				15DA4B1F2EEBFD100046EBC6 /* OpenRunde-Bold.otf */,
				15DA4B202EEBFD100046EBC6 /* OpenRunde-Medium.otf */,
				15DA4B212EEBFD100046EBC6 /* OpenRunde-Regular.otf */,
				15DA4B222EEBFD100046EBC6 /* OpenRunde-Semibold.otf */,
			);
			path = Fonts;
			sourceTree = "<group>";
		};
		15DA4B272EEBFD100046EBC6 /* wallet_ios */ = {
			isa = PBXGroup;
			children = (
				15DA4B242EEBFD100046EBC6 /* AppView.swift */,
				15DA4B262EEBFD100046EBC6 /* wallet_iosApp.swift */,
				15DA4B152EEBFD100046EBC6 /* Home */,
				15DA4B172EEBFD100046EBC6 /* Analytics */,
				1549ECD02EF2D9B300876D2D /* Payment */,
				15DA4B1E2EEBFD100046EBC6 /* Transact */,
				1549ECC82EF177C300876D2D /* Videos */,
				15DA4B232EEBFD100046EBC6 /* Fonts */,
				15DA4B252EEBFD100046EBC6 /* Assets.xcassets */,
				1549ECB92EF1386A00876D2D /* Modals */,
				15DA4B0A2EEBFD100046EBC6 /* ---Experiments */,
			);
			path = wallet_ios;
			sourceTree = "<group>";
		};
		EE0E13F92EDAD5FA00092DAA = {
			isa = PBXGroup;
			children = (
				1549ECC42EF162D300876D2D /* wallet-ios-Info.plist */,
				15DA4B272EEBFD100046EBC6 /* wallet_ios */,
				EE0E14032EDAD5FA00092DAA /* Products */,
			);
			sourceTree = "<group>";
		};
		EE0E14032EDAD5FA00092DAA /* Products */ = {
			isa = PBXGroup;
			children = (
				EE0E14022EDAD5FA00092DAA /* wallet_ios.app */,
			);
			name = Products;
			sourceTree = "<group>";
		};
/* End PBXGroup section */

/* Begin PBXNativeTarget section */
		EE0E14012EDAD5FA00092DAA /* wallet_ios */ = {
			isa = PBXNativeTarget;
			buildConfigurationList = EE0E14252EDAD5FB00092DAA /* Build configuration list for PBXNativeTarget "wallet_ios" */;
			buildPhases = (
				EE0E13FE2EDAD5FA00092DAA /* Sources */,
				EE0E13FF2EDAD5FA00092DAA /* Frameworks */,
				EE0E14002EDAD5FA00092DAA /* Resources */,
			);
			buildRules = (
			);
			dependencies = (
			);
			name = wallet_ios;
			packageProductDependencies = (
			);
			productName = wallet_ios;
			productReference = EE0E14022EDAD5FA00092DAA /* wallet_ios.app */;
			productType = "com.apple.product-type.application";
		};
/* End PBXNativeTarget section */

/* Begin PBXProject section */
		EE0E13FA2EDAD5FA00092DAA /* Project object */ = {
			isa = PBXProject;
			attributes = {
				BuildIndependentTargetsInParallel = 1;
				LastSwiftUpdateCheck = 2600;
				LastUpgradeCheck = 2600;
				TargetAttributes = {
					EE0E14012EDAD5FA00092DAA = {
						CreatedOnToolsVersion = 26.0.1;
					};
				};
			};
			buildConfigurationList = EE0E13FD2EDAD5FA00092DAA /* Build configuration list for PBXProject "wallet_ios" */;
			developmentRegion = en;
			hasScannedForEncodings = 0;
			knownRegions = (
				en,
				Base,
			);
			mainGroup = EE0E13F92EDAD5FA00092DAA;
			minimizedProjectReferenceProxies = 1;
			preferredProjectObjectVersion = 77;
			productRefGroup = EE0E14032EDAD5FA00092DAA /* Products */;
			projectDirPath = "";
			projectRoot = "";
			targets = (
				EE0E14012EDAD5FA00092DAA /* wallet_ios */,
			);
		};
/* End PBXProject section */

/* Begin PBXResourcesBuildPhase section */
		EE0E14002EDAD5FA00092DAA /* Resources */ = {
			isa = PBXResourcesBuildPhase;
			buildActionMask = 2147483647;
			files = (
				1549ECCA2EF177DC00876D2D /* pay_mock.mp4 in Resources */,
				1549ECC52EF162D300876D2D /* wallet-ios-Info.plist in Resources */,
				15DA4B452EEBFD100046EBC6 /* OpenRunde-Bold.otf in Resources */,
				15DA4B462EEBFD100046EBC6 /* OpenRunde-Medium.otf in Resources */,
				15DA4B472EEBFD100046EBC6 /* OpenRunde-Regular.otf in Resources */,
				15DA4B482EEBFD100046EBC6 /* OpenRunde-Semibold.otf in Resources */,
				15DA4B492EEBFD100046EBC6 /* Assets.xcassets in Resources */,
			);
			runOnlyForDeploymentPostprocessing = 0;
		};
/* End PBXResourcesBuildPhase section */

/* Begin PBXSourcesBuildPhase section */
		EE0E13FE2EDAD5FA00092DAA /* Sources */ = {
			isa = PBXSourcesBuildPhase;
			buildActionMask = 2147483647;
			files = (
				15DA4B282EEBFD100046EBC6 /* Toolbar.swift in Sources */,
				1549ECBA2EF1386A00876D2D /* Charts.swift in Sources */,
				1549ECBB2EF1386A00876D2D /* Data.swift in Sources */,
				1549ECCF2EF29E5900876D2D /* PseudoCamera.swift in Sources */,
				1549ECBC2EF1386A00876D2D /* AnalyticsSheet.swift in Sources */,
				15DA4B292EEBFD100046EBC6 /* Chart Version.swift in Sources */,
				15DA4B2A2EEBFD100046EBC6 /* Copying Chart.swift in Sources */,
				15DA4B4D2EEC5A0F0046EBC6 /* PageTransition.swift in Sources */,
				15DA4B2B2EEBFD100046EBC6 /* Stroke Version.swift in Sources */,
				EE9C148C2EEEC21E003A5926 /* SearchTab.swift in Sources */,
				15DA4B2C2EEBFD100046EBC6 /* PillUse.swift in Sources */,
				EE9C14882EED792F003A5926 /* ToolbarMorph.swift in Sources */,
				1549ECD92EF4221500876D2D /* Integer Only.swift in Sources */,
				15DA4B2E2EEBFD100046EBC6 /* AutoFlow.swift in Sources */,
				15DA4B302EEBFD100046EBC6 /* Morphy.swift in Sources */,
				15DA4B312EEBFD100046EBC6 /* Morphy2.swift in Sources */,
				15DA4B322EEBFD100046EBC6 /* New Test.swift in Sources */,
				15DA4B332EEBFD100046EBC6 /* Resize Test.swift in Sources */,
				1549ECD52EF4038F00876D2D /* Custom Decimal Style.swift in Sources */,
				1549ECD32EF2ECC900876D2D /* AutoFlowComposer.swift in Sources */,
				15DA4B342EEBFD100046EBC6 /* Basic.swift in Sources */,
				15DA4B352EEBFD100046EBC6 /* ComplexStack.swift in Sources */,
				15DA4B362EEBFD100046EBC6 /* StackedNav.swift in Sources */,
				15DA4B512EF03A460046EBC6 /* Initiate.swift in Sources */,
				15DA4B3A2EEBFD100046EBC6 /* DataWidget.swift in Sources */,
				15DA4B4B2EEC4E160046EBC6 /* BlurReplace.swift in Sources */,
				1549ECDD2EF5472500876D2D /* CapsuleCut.swift in Sources */,
				15DA4B3B2EEBFD100046EBC6 /* DummyData.swift in Sources */,
				1549ECBF2EF1598F00876D2D /* TransactionOptions.swift in Sources */,
				15DA4B3C2EEBFD100046EBC6 /* Card Declare.swift in Sources */,
				15DA4B3D2EEBFD100046EBC6 /* Home.swift in Sources */,
				15DA4B3E2EEBFD100046EBC6 /* Chart.swift in Sources */,
				15DA4B3F2EEBFD100046EBC6 /* ContactCard.swift in Sources */,
				15DA4B412EEBFD100046EBC6 /* Search.swift in Sources */,
				15DA4B422EEBFD100046EBC6 /* Pay.swift in Sources */,
				15DA4B432EEBFD100046EBC6 /* AppView.swift in Sources */,
				15DA4B442EEBFD100046EBC6 /* wallet_iosApp.swift in Sources */,
			);
			runOnlyForDeploymentPostprocessing = 0;
		};
/* End PBXSourcesBuildPhase section */

/* Begin XCBuildConfiguration section */
		EE0E14232EDAD5FB00092DAA /* Debug */ = {
			isa = XCBuildConfiguration;
			buildSettings = {
				ALWAYS_SEARCH_USER_PATHS = NO;
				ASSETCATALOG_COMPILER_GENERATE_SWIFT_ASSET_SYMBOL_EXTENSIONS = YES;
				CLANG_ANALYZER_NONNULL = YES;
				CLANG_ANALYZER_NUMBER_OBJECT_CONVERSION = YES_AGGRESSIVE;
				CLANG_CXX_LANGUAGE_STANDARD = "gnu++20";
				CLANG_ENABLE_MODULES = YES;
				CLANG_ENABLE_OBJC_ARC = YES;
				CLANG_ENABLE_OBJC_WEAK = YES;
				CLANG_WARN_BLOCK_CAPTURE_AUTORELEASING = YES;
				CLANG_WARN_BOOL_CONVERSION = YES;
				CLANG_WARN_COMMA = YES;
				CLANG_WARN_CONSTANT_CONVERSION = YES;
				CLANG_WARN_DEPRECATED_OBJC_IMPLEMENTATIONS = YES;
				CLANG_WARN_DIRECT_OBJC_ISA_USAGE = YES_ERROR;
				CLANG_WARN_DOCUMENTATION_COMMENTS = YES;
				CLANG_WARN_EMPTY_BODY = YES;
				CLANG_WARN_ENUM_CONVERSION = YES;
				CLANG_WARN_INFINITE_RECURSION = YES;
				CLANG_WARN_INT_CONVERSION = YES;
				CLANG_WARN_NON_LITERAL_NULL_CONVERSION = YES;
				CLANG_WARN_OBJC_IMPLICIT_RETAIN_SELF = YES;
				CLANG_WARN_OBJC_LITERAL_CONVERSION = YES;
				CLANG_WARN_OBJC_ROOT_CLASS = YES_ERROR;
				CLANG_WARN_QUOTED_INCLUDE_IN_FRAMEWORK_HEADER = YES;
				CLANG_WARN_RANGE_LOOP_ANALYSIS = YES;
				CLANG_WARN_STRICT_PROTOTYPES = YES;
				CLANG_WARN_SUSPICIOUS_MOVE = YES;
				CLANG_WARN_UNGUARDED_AVAILABILITY = YES_AGGRESSIVE;
				CLANG_WARN_UNREACHABLE_CODE = YES;
				CLANG_WARN__DUPLICATE_METHOD_MATCH = YES;
				COPY_PHASE_STRIP = NO;
				DEBUG_INFORMATION_FORMAT = dwarf;
				ENABLE_STRICT_OBJC_MSGSEND = YES;
				ENABLE_TESTABILITY = YES;
				ENABLE_USER_SCRIPT_SANDBOXING = YES;
				GCC_C_LANGUAGE_STANDARD = gnu17;
				GCC_DYNAMIC_NO_PIC = NO;
				GCC_NO_COMMON_BLOCKS = YES;
				GCC_OPTIMIZATION_LEVEL = 0;
				GCC_PREPROCESSOR_DEFINITIONS = (
					"DEBUG=1",
					"$(inherited)",
				);
				GCC_WARN_64_TO_32_BIT_CONVERSION = YES;
				GCC_WARN_ABOUT_RETURN_TYPE = YES_ERROR;
				GCC_WARN_UNDECLARED_SELECTOR = YES;
				GCC_WARN_UNINITIALIZED_AUTOS = YES_AGGRESSIVE;
				GCC_WARN_UNUSED_FUNCTION = YES;
				GCC_WARN_UNUSED_VARIABLE = YES;
				IPHONEOS_DEPLOYMENT_TARGET = 26.0;
				LOCALIZATION_PREFERS_STRING_CATALOGS = YES;
				MTL_ENABLE_DEBUG_INFO = INCLUDE_SOURCE;
				MTL_FAST_MATH = YES;
				ONLY_ACTIVE_ARCH = YES;
				SDKROOT = iphoneos;
				SWIFT_ACTIVE_COMPILATION_CONDITIONS = "DEBUG $(inherited)";
				SWIFT_OPTIMIZATION_LEVEL = "-Onone";
			};
			name = Debug;
		};
		EE0E14242EDAD5FB00092DAA /* Release */ = {
			isa = XCBuildConfiguration;
			buildSettings = {
				ALWAYS_SEARCH_USER_PATHS = NO;
				ASSETCATALOG_COMPILER_GENERATE_SWIFT_ASSET_SYMBOL_EXTENSIONS = YES;
				CLANG_ANALYZER_NONNULL = YES;
				CLANG_ANALYZER_NUMBER_OBJECT_CONVERSION = YES_AGGRESSIVE;
				CLANG_CXX_LANGUAGE_STANDARD = "gnu++20";
				CLANG_ENABLE_MODULES = YES;
				CLANG_ENABLE_OBJC_ARC = YES;
				CLANG_ENABLE_OBJC_WEAK = YES;
				CLANG_WARN_BLOCK_CAPTURE_AUTORELEASING = YES;
				CLANG_WARN_BOOL_CONVERSION = YES;
				CLANG_WARN_COMMA = YES;
				CLANG_WARN_CONSTANT_CONVERSION = YES;
				CLANG_WARN_DEPRECATED_OBJC_IMPLEMENTATIONS = YES;
				CLANG_WARN_DIRECT_OBJC_ISA_USAGE = YES_ERROR;
				CLANG_WARN_DOCUMENTATION_COMMENTS = YES;
				CLANG_WARN_EMPTY_BODY = YES;
				CLANG_WARN_ENUM_CONVERSION = YES;
				CLANG_WARN_INFINITE_RECURSION = YES;
				CLANG_WARN_INT_CONVERSION = YES;
				CLANG_WARN_NON_LITERAL_NULL_CONVERSION = YES;
				CLANG_WARN_OBJC_IMPLICIT_RETAIN_SELF = YES;
				CLANG_WARN_OBJC_LITERAL_CONVERSION = YES;
				CLANG_WARN_OBJC_ROOT_CLASS = YES_ERROR;
				CLANG_WARN_QUOTED_INCLUDE_IN_FRAMEWORK_HEADER = YES;
				CLANG_WARN_RANGE_LOOP_ANALYSIS = YES;
				CLANG_WARN_STRICT_PROTOTYPES = YES;
				CLANG_WARN_SUSPICIOUS_MOVE = YES;
				CLANG_WARN_UNGUARDED_AVAILABILITY = YES_AGGRESSIVE;
				CLANG_WARN_UNREACHABLE_CODE = YES;
				CLANG_WARN__DUPLICATE_METHOD_MATCH = YES;
				COPY_PHASE_STRIP = NO;
				DEBUG_INFORMATION_FORMAT = "dwarf-with-dsym";
				ENABLE_NS_ASSERTIONS = NO;
				ENABLE_STRICT_OBJC_MSGSEND = YES;
				ENABLE_USER_SCRIPT_SANDBOXING = YES;
				GCC_C_LANGUAGE_STANDARD = gnu17;
				GCC_NO_COMMON_BLOCKS = YES;
				GCC_WARN_64_TO_32_BIT_CONVERSION = YES;
				GCC_WARN_ABOUT_RETURN_TYPE = YES_ERROR;
				GCC_WARN_UNDECLARED_SELECTOR = YES;
				GCC_WARN_UNINITIALIZED_AUTOS = YES_AGGRESSIVE;
				GCC_WARN_UNUSED_FUNCTION = YES;
				GCC_WARN_UNUSED_VARIABLE = YES;
				IPHONEOS_DEPLOYMENT_TARGET = 26.0;
				LOCALIZATION_PREFERS_STRING_CATALOGS = YES;
				MTL_ENABLE_DEBUG_INFO = NO;
				MTL_FAST_MATH = YES;
				SDKROOT = iphoneos;
				SWIFT_COMPILATION_MODE = wholemodule;
				VALIDATE_PRODUCT = YES;
			};
			name = Release;
		};
		EE0E14262EDAD5FB00092DAA /* Debug */ = {
			isa = XCBuildConfiguration;
			buildSettings = {
				ASSETCATALOG_COMPILER_APPICON_NAME = AppIcon;
				ASSETCATALOG_COMPILER_GLOBAL_ACCENT_COLOR_NAME = AccentColor;
				CODE_SIGN_STYLE = Automatic;
				CURRENT_PROJECT_VERSION = 1;
				ENABLE_PREVIEWS = YES;
				GENERATE_INFOPLIST_FILE = YES;
				INFOPLIST_FILE = "wallet-ios-Info.plist";
				INFOPLIST_KEY_UIApplicationSceneManifest_Generation = YES;
				INFOPLIST_KEY_UIApplicationSupportsIndirectInputEvents = YES;
				INFOPLIST_KEY_UILaunchScreen_Generation = YES;
				INFOPLIST_KEY_UISupportedInterfaceOrientations_iPad = "UIInterfaceOrientationPortrait UIInterfaceOrientationPortraitUpsideDown UIInterfaceOrientationLandscapeLeft UIInterfaceOrientationLandscapeRight";
				INFOPLIST_KEY_UISupportedInterfaceOrientations_iPhone = "UIInterfaceOrientationPortrait UIInterfaceOrientationLandscapeLeft UIInterfaceOrientationLandscapeRight";
				LD_RUNPATH_SEARCH_PATHS = (
					"$(inherited)",
					"@executable_path/Frameworks",
				);
				MARKETING_VERSION = 1.0;
				PRODUCT_BUNDLE_IDENTIFIER = "Me.wallet-ios";
				PRODUCT_NAME = "$(TARGET_NAME)";
				STRING_CATALOG_GENERATE_SYMBOLS = YES;
				SWIFT_APPROACHABLE_CONCURRENCY = YES;
				SWIFT_DEFAULT_ACTOR_ISOLATION = MainActor;
				SWIFT_EMIT_LOC_STRINGS = YES;
				SWIFT_UPCOMING_FEATURE_MEMBER_IMPORT_VISIBILITY = YES;
				SWIFT_VERSION = 5.0;
				TARGETED_DEVICE_FAMILY = "1,2";
			};
			name = Debug;
		};
		EE0E14272EDAD5FB00092DAA /* Release */ = {
			isa = XCBuildConfiguration;
			buildSettings = {
				ASSETCATALOG_COMPILER_APPICON_NAME = AppIcon;
				ASSETCATALOG_COMPILER_GLOBAL_ACCENT_COLOR_NAME = AccentColor;
				CODE_SIGN_STYLE = Automatic;
				CURRENT_PROJECT_VERSION = 1;
				ENABLE_PREVIEWS = YES;
				GENERATE_INFOPLIST_FILE = YES;
				INFOPLIST_FILE = "wallet-ios-Info.plist";
				INFOPLIST_KEY_UIApplicationSceneManifest_Generation = YES;
				INFOPLIST_KEY_UIApplicationSupportsIndirectInputEvents = YES;
				INFOPLIST_KEY_UILaunchScreen_Generation = YES;
				INFOPLIST_KEY_UISupportedInterfaceOrientations_iPad = "UIInterfaceOrientationPortrait UIInterfaceOrientationPortraitUpsideDown UIInterfaceOrientationLandscapeLeft UIInterfaceOrientationLandscapeRight";
				INFOPLIST_KEY_UISupportedInterfaceOrientations_iPhone = "UIInterfaceOrientationPortrait UIInterfaceOrientationLandscapeLeft UIInterfaceOrientationLandscapeRight";
				LD_RUNPATH_SEARCH_PATHS = (
					"$(inherited)",
					"@executable_path/Frameworks",
				);
				MARKETING_VERSION = 1.0;
				PRODUCT_BUNDLE_IDENTIFIER = "Me.wallet-ios";
				PRODUCT_NAME = "$(TARGET_NAME)";
				STRING_CATALOG_GENERATE_SYMBOLS = YES;
				SWIFT_APPROACHABLE_CONCURRENCY = YES;
				SWIFT_DEFAULT_ACTOR_ISOLATION = MainActor;
				SWIFT_EMIT_LOC_STRINGS = YES;
				SWIFT_UPCOMING_FEATURE_MEMBER_IMPORT_VISIBILITY = YES;
				SWIFT_VERSION = 5.0;
				TARGETED_DEVICE_FAMILY = "1,2";
			};
			name = Release;
		};
/* End XCBuildConfiguration section */

/* Begin XCConfigurationList section */
		EE0E13FD2EDAD5FA00092DAA /* Build configuration list for PBXProject "wallet_ios" */ = {
			isa = XCConfigurationList;
			buildConfigurations = (
				EE0E14232EDAD5FB00092DAA /* Debug */,
				EE0E14242EDAD5FB00092DAA /* Release */,
			);
			defaultConfigurationIsVisible = 0;
			defaultConfigurationName = Release;
		};
		EE0E14252EDAD5FB00092DAA /* Build configuration list for PBXNativeTarget "wallet_ios" */ = {
			isa = XCConfigurationList;
			buildConfigurations = (
				EE0E14262EDAD5FB00092DAA /* Debug */,
				EE0E14272EDAD5FB00092DAA /* Release */,
			);
			defaultConfigurationIsVisible = 0;
			defaultConfigurationName = Release;
		};
/* End XCConfigurationList section */
	};
	rootObject = EE0E13FA2EDAD5FA00092DAA /* Project object */;
}
